
Microsoft Visual Studio Solution File, Format Version 12.00
# Visual Studio 15
VisualStudioVersion = 15.0.26923.0
MinimumVisualStudioVersion = 10.0.40219.1
Project("{2150E333-8FDC-42A3-9474-1A3956D46DE8}") = "src", "src", "{995FCFF9-E5F6-4BDD-8E5B-FBDEA21145F9}"
	ProjectSection(SolutionItems) = preProject
		NuGet.Config = NuGet.Config
	EndProjectSection
EndProject
Project("{2150E333-8FDC-42A3-9474-1A3956D46DE8}") = "Solution Items", "Solution Items", "{BAF239DE-04E9-428E-A6D6-98D4C6CFB9E3}"
	ProjectSection(SolutionItems) = preProject
		NuGet.Config = NuGet.Config
	EndProjectSection
EndProject
Project("{2150E333-8FDC-42A3-9474-1A3956D46DE8}") = "experimental", "experimental", "{C2EB60CC-CA5A-4E49-A3F8-4432FB117869}"
EndProject
Project("{9A19103F-16F7-4668-BE54-9A1E7A4F7556}") = "Benchmarks", "src\Benchmarks\Benchmarks.csproj", "{EC62ACF4-8B19-41C2-B699-D75CAB7763DF}"
EndProject
Project("{9A19103F-16F7-4668-BE54-9A1E7A4F7556}") = "BenchmarksDriver", "src\BenchmarksDriver\BenchmarksDriver.csproj", "{81C74B7C-B9E3-4F01-9C39-6894E81B193A}"
EndProject
Project("{9A19103F-16F7-4668-BE54-9A1E7A4F7556}") = "BenchmarksServer", "src\BenchmarksServer\BenchmarksServer.csproj", "{73F095D2-D0BD-4D03-BC17-D7A5EF0C0191}"
EndProject
Project("{9A19103F-16F7-4668-BE54-9A1E7A4F7556}") = "BenchmarksClient", "src\BenchmarksClient\BenchmarksClient.csproj", "{75A5E20D-37CD-49DA-BD74-1F730C353517}"
EndProject
Project("{9A19103F-16F7-4668-BE54-9A1E7A4F7556}") = "Repository", "src\Repository\Repository.csproj", "{716F7F93-BC1D-4B2C-BF1C-20051CAF7BB7}"
EndProject
Project("{9A19103F-16F7-4668-BE54-9A1E7A4F7556}") = "Benchmarks.ClientJob", "src\Benchmarks.ClientJob\Benchmarks.ClientJob.csproj", "{FFE0CFA5-ADCB-4E63-9B2D-DBC48A3C8364}"
EndProject
Project("{9A19103F-16F7-4668-BE54-9A1E7A4F7556}") = "Benchmarks.ServerJob", "src\Benchmarks.ServerJob\Benchmarks.ServerJob.csproj", "{0748A92D-3AC6-4406-B09C-0BF07A030DD5}"
EndProject
Project("{9A19103F-16F7-4668-BE54-9A1E7A4F7556}") = "HttpBenchmark", "experimental\HttpBenchmark\HttpBenchmark.csproj", "{174DC3AC-F883-4B85-BE90-EA5B7BB01961}"
EndProject
Project("{2150E333-8FDC-42A3-9474-1A3956D46DE8}") = "build", "build", "{E07EF419-FB9D-4A20-AD4B-C02C13636BA8}"
	ProjectSection(SolutionItems) = preProject
		build\common.props = build\common.props
		build\dependencies.props = build\dependencies.props
		build\repo.targets = build\repo.targets
	EndProjectSection
EndProject
Project("{2150E333-8FDC-42A3-9474-1A3956D46DE8}") = "docker", "docker", "{EF444B27-3CBA-4581-893A-7F6DB5527371}"
	ProjectSection(SolutionItems) = preProject
		docker\README.md = docker\README.md
	EndProjectSection
EndProject
Project("{2150E333-8FDC-42A3-9474-1A3956D46DE8}") = "benchmarks", "benchmarks", "{01457A29-0D92-45A3-A37A-A6381E766D67}"
	ProjectSection(SolutionItems) = preProject
		docker\benchmarks\build.sh = docker\benchmarks\build.sh
		docker\benchmarks\Dockerfile = docker\benchmarks\Dockerfile
		docker\benchmarks\run-client.sh = docker\benchmarks\run-client.sh
		docker\benchmarks\run-server.sh = docker\benchmarks\run-server.sh
		docker\benchmarks\stop-client.sh = docker\benchmarks\stop-client.sh
		docker\benchmarks\stop-server.sh = docker\benchmarks\stop-server.sh
	EndProjectSection
EndProject
Project("{2150E333-8FDC-42A3-9474-1A3956D46DE8}") = "postgres-techempower", "postgres-techempower", "{8520802B-DCBB-42DE-866C-C7F533129071}"
	ProjectSection(SolutionItems) = preProject
		docker\postgres-techempower\build.sh = docker\postgres-techempower\build.sh
		docker\postgres-techempower\create-postgres.sql = docker\postgres-techempower\create-postgres.sql
		docker\postgres-techempower\Dockerfile = docker\postgres-techempower\Dockerfile
		docker\postgres-techempower\max_connections.sh = docker\postgres-techempower\max_connections.sh
		docker\postgres-techempower\run.sh = docker\postgres-techempower\run.sh
		docker\postgres-techempower\stop.sh = docker\postgres-techempower\stop.sh
	EndProjectSection
EndProject
Project("{2150E333-8FDC-42A3-9474-1A3956D46DE8}") = "postgres-techempower-fortunesbench", "postgres-techempower-fortunesbench", "{6B2BF265-7141-40E2-9BEC-DAFB9547B942}"
	ProjectSection(SolutionItems) = preProject
		docker\postgres-techempower-fortunesbench\build.sh = docker\postgres-techempower-fortunesbench\build.sh
		docker\postgres-techempower-fortunesbench\Dockerfile = docker\postgres-techempower-fortunesbench\Dockerfile
		docker\postgres-techempower-fortunesbench\fortunes.sql = docker\postgres-techempower-fortunesbench\fortunes.sql
		docker\postgres-techempower-fortunesbench\fortunesbench.sh = docker\postgres-techempower-fortunesbench\fortunesbench.sh
		docker\postgres-techempower-fortunesbench\run.sh = docker\postgres-techempower-fortunesbench\run.sh
	EndProjectSection
EndProject
Project("{2150E333-8FDC-42A3-9474-1A3956D46DE8}") = "mysql-techempower", "mysql-techempower", "{17D18F38-2030-46BE-8C5A-48607A6E69AA}"
	ProjectSection(SolutionItems) = preProject
		docker\mysql-techempower\build.sh = docker\mysql-techempower\build.sh
		docker\mysql-techempower\create.sql = docker\mysql-techempower\create.sql
		docker\mysql-techempower\Dockerfile = docker\mysql-techempower\Dockerfile
		docker\mysql-techempower\my.cnf = docker\mysql-techempower\my.cnf
		docker\mysql-techempower\run.sh = docker\mysql-techempower\run.sh
		docker\mysql-techempower\stop.sh = docker\mysql-techempower\stop.sh
	EndProjectSection
EndProject
Project("{2150E333-8FDC-42A3-9474-1A3956D46DE8}") = "mssql-techempower", "mssql-techempower", "{FA7BA2F5-47DA-418F-B29F-458714F44C89}"
	ProjectSection(SolutionItems) = preProject
		docker\mssql-techempower\build.sh = docker\mssql-techempower\build.sh
		docker\mssql-techempower\create.sql = docker\mssql-techempower\create.sql
		docker\mssql-techempower\Dockerfile = docker\mssql-techempower\Dockerfile
		docker\mssql-techempower\run.sh = docker\mssql-techempower\run.sh
		docker\mssql-techempower\stop.sh = docker\mssql-techempower\stop.sh
	EndProjectSection
EndProject
Global
	GlobalSection(SolutionConfigurationPlatforms) = preSolution
		Debug|Any CPU = Debug|Any CPU
		Debug|x86 = Debug|x86
		Release|Any CPU = Release|Any CPU
		Release|x86 = Release|x86
	EndGlobalSection
	GlobalSection(ProjectConfigurationPlatforms) = postSolution
		{EC62ACF4-8B19-41C2-B699-D75CAB7763DF}.Debug|Any CPU.ActiveCfg = Debug|Any CPU
		{EC62ACF4-8B19-41C2-B699-D75CAB7763DF}.Debug|Any CPU.Build.0 = Debug|Any CPU
		{EC62ACF4-8B19-41C2-B699-D75CAB7763DF}.Debug|x86.ActiveCfg = Debug|Any CPU
		{EC62ACF4-8B19-41C2-B699-D75CAB7763DF}.Debug|x86.Build.0 = Debug|Any CPU
		{EC62ACF4-8B19-41C2-B699-D75CAB7763DF}.Release|Any CPU.ActiveCfg = Release|Any CPU
		{EC62ACF4-8B19-41C2-B699-D75CAB7763DF}.Release|Any CPU.Build.0 = Release|Any CPU
		{EC62ACF4-8B19-41C2-B699-D75CAB7763DF}.Release|x86.ActiveCfg = Release|Any CPU
		{EC62ACF4-8B19-41C2-B699-D75CAB7763DF}.Release|x86.Build.0 = Release|Any CPU
		{81C74B7C-B9E3-4F01-9C39-6894E81B193A}.Debug|Any CPU.ActiveCfg = Debug|Any CPU
		{81C74B7C-B9E3-4F01-9C39-6894E81B193A}.Debug|Any CPU.Build.0 = Debug|Any CPU
		{81C74B7C-B9E3-4F01-9C39-6894E81B193A}.Debug|x86.ActiveCfg = Debug|Any CPU
		{81C74B7C-B9E3-4F01-9C39-6894E81B193A}.Debug|x86.Build.0 = Debug|Any CPU
		{81C74B7C-B9E3-4F01-9C39-6894E81B193A}.Release|Any CPU.ActiveCfg = Release|Any CPU
		{81C74B7C-B9E3-4F01-9C39-6894E81B193A}.Release|Any CPU.Build.0 = Release|Any CPU
		{81C74B7C-B9E3-4F01-9C39-6894E81B193A}.Release|x86.ActiveCfg = Release|Any CPU
		{81C74B7C-B9E3-4F01-9C39-6894E81B193A}.Release|x86.Build.0 = Release|Any CPU
		{73F095D2-D0BD-4D03-BC17-D7A5EF0C0191}.Debug|Any CPU.ActiveCfg = Debug|Any CPU
		{73F095D2-D0BD-4D03-BC17-D7A5EF0C0191}.Debug|Any CPU.Build.0 = Debug|Any CPU
		{73F095D2-D0BD-4D03-BC17-D7A5EF0C0191}.Debug|x86.ActiveCfg = Debug|Any CPU
		{73F095D2-D0BD-4D03-BC17-D7A5EF0C0191}.Debug|x86.Build.0 = Debug|Any CPU
		{73F095D2-D0BD-4D03-BC17-D7A5EF0C0191}.Release|Any CPU.ActiveCfg = Release|Any CPU
		{73F095D2-D0BD-4D03-BC17-D7A5EF0C0191}.Release|Any CPU.Build.0 = Release|Any CPU
		{73F095D2-D0BD-4D03-BC17-D7A5EF0C0191}.Release|x86.ActiveCfg = Release|Any CPU
		{73F095D2-D0BD-4D03-BC17-D7A5EF0C0191}.Release|x86.Build.0 = Release|Any CPU
		{75A5E20D-37CD-49DA-BD74-1F730C353517}.Debug|Any CPU.ActiveCfg = Debug|Any CPU
		{75A5E20D-37CD-49DA-BD74-1F730C353517}.Debug|Any CPU.Build.0 = Debug|Any CPU
		{75A5E20D-37CD-49DA-BD74-1F730C353517}.Debug|x86.ActiveCfg = Debug|Any CPU
		{75A5E20D-37CD-49DA-BD74-1F730C353517}.Debug|x86.Build.0 = Debug|Any CPU
		{75A5E20D-37CD-49DA-BD74-1F730C353517}.Release|Any CPU.ActiveCfg = Release|Any CPU
		{75A5E20D-37CD-49DA-BD74-1F730C353517}.Release|Any CPU.Build.0 = Release|Any CPU
		{75A5E20D-37CD-49DA-BD74-1F730C353517}.Release|x86.ActiveCfg = Release|Any CPU
		{75A5E20D-37CD-49DA-BD74-1F730C353517}.Release|x86.Build.0 = Release|Any CPU
		{716F7F93-BC1D-4B2C-BF1C-20051CAF7BB7}.Debug|Any CPU.ActiveCfg = Debug|Any CPU
		{716F7F93-BC1D-4B2C-BF1C-20051CAF7BB7}.Debug|Any CPU.Build.0 = Debug|Any CPU
		{716F7F93-BC1D-4B2C-BF1C-20051CAF7BB7}.Debug|x86.ActiveCfg = Debug|Any CPU
		{716F7F93-BC1D-4B2C-BF1C-20051CAF7BB7}.Debug|x86.Build.0 = Debug|Any CPU
		{716F7F93-BC1D-4B2C-BF1C-20051CAF7BB7}.Release|Any CPU.ActiveCfg = Release|Any CPU
		{716F7F93-BC1D-4B2C-BF1C-20051CAF7BB7}.Release|Any CPU.Build.0 = Release|Any CPU
		{716F7F93-BC1D-4B2C-BF1C-20051CAF7BB7}.Release|x86.ActiveCfg = Release|Any CPU
		{716F7F93-BC1D-4B2C-BF1C-20051CAF7BB7}.Release|x86.Build.0 = Release|Any CPU
		{FFE0CFA5-ADCB-4E63-9B2D-DBC48A3C8364}.Debug|Any CPU.ActiveCfg = Debug|Any CPU
		{FFE0CFA5-ADCB-4E63-9B2D-DBC48A3C8364}.Debug|Any CPU.Build.0 = Debug|Any CPU
		{FFE0CFA5-ADCB-4E63-9B2D-DBC48A3C8364}.Debug|x86.ActiveCfg = Debug|Any CPU
		{FFE0CFA5-ADCB-4E63-9B2D-DBC48A3C8364}.Debug|x86.Build.0 = Debug|Any CPU
		{FFE0CFA5-ADCB-4E63-9B2D-DBC48A3C8364}.Release|Any CPU.ActiveCfg = Release|Any CPU
		{FFE0CFA5-ADCB-4E63-9B2D-DBC48A3C8364}.Release|Any CPU.Build.0 = Release|Any CPU
		{FFE0CFA5-ADCB-4E63-9B2D-DBC48A3C8364}.Release|x86.ActiveCfg = Release|Any CPU
		{FFE0CFA5-ADCB-4E63-9B2D-DBC48A3C8364}.Release|x86.Build.0 = Release|Any CPU
		{0748A92D-3AC6-4406-B09C-0BF07A030DD5}.Debug|Any CPU.ActiveCfg = Debug|Any CPU
		{0748A92D-3AC6-4406-B09C-0BF07A030DD5}.Debug|Any CPU.Build.0 = Debug|Any CPU
		{0748A92D-3AC6-4406-B09C-0BF07A030DD5}.Debug|x86.ActiveCfg = Debug|Any CPU
		{0748A92D-3AC6-4406-B09C-0BF07A030DD5}.Debug|x86.Build.0 = Debug|Any CPU
		{0748A92D-3AC6-4406-B09C-0BF07A030DD5}.Release|Any CPU.ActiveCfg = Release|Any CPU
		{0748A92D-3AC6-4406-B09C-0BF07A030DD5}.Release|Any CPU.Build.0 = Release|Any CPU
		{0748A92D-3AC6-4406-B09C-0BF07A030DD5}.Release|x86.ActiveCfg = Release|Any CPU
		{0748A92D-3AC6-4406-B09C-0BF07A030DD5}.Release|x86.Build.0 = Release|Any CPU
		{174DC3AC-F883-4B85-BE90-EA5B7BB01961}.Debug|Any CPU.ActiveCfg = Debug|Any CPU
		{174DC3AC-F883-4B85-BE90-EA5B7BB01961}.Debug|Any CPU.Build.0 = Debug|Any CPU
		{174DC3AC-F883-4B85-BE90-EA5B7BB01961}.Debug|x86.ActiveCfg = Debug|Any CPU
		{174DC3AC-F883-4B85-BE90-EA5B7BB01961}.Debug|x86.Build.0 = Debug|Any CPU
		{174DC3AC-F883-4B85-BE90-EA5B7BB01961}.Release|Any CPU.ActiveCfg = Release|Any CPU
		{174DC3AC-F883-4B85-BE90-EA5B7BB01961}.Release|Any CPU.Build.0 = Release|Any CPU
		{174DC3AC-F883-4B85-BE90-EA5B7BB01961}.Release|x86.ActiveCfg = Release|Any CPU
		{174DC3AC-F883-4B85-BE90-EA5B7BB01961}.Release|x86.Build.0 = Release|Any CPU
	EndGlobalSection
	GlobalSection(SolutionProperties) = preSolution
		HideSolutionNode = FALSE
	EndGlobalSection
	GlobalSection(NestedProjects) = preSolution
		{EC62ACF4-8B19-41C2-B699-D75CAB7763DF} = {995FCFF9-E5F6-4BDD-8E5B-FBDEA21145F9}
		{81C74B7C-B9E3-4F01-9C39-6894E81B193A} = {995FCFF9-E5F6-4BDD-8E5B-FBDEA21145F9}
		{73F095D2-D0BD-4D03-BC17-D7A5EF0C0191} = {995FCFF9-E5F6-4BDD-8E5B-FBDEA21145F9}
		{75A5E20D-37CD-49DA-BD74-1F730C353517} = {995FCFF9-E5F6-4BDD-8E5B-FBDEA21145F9}
		{716F7F93-BC1D-4B2C-BF1C-20051CAF7BB7} = {995FCFF9-E5F6-4BDD-8E5B-FBDEA21145F9}
		{FFE0CFA5-ADCB-4E63-9B2D-DBC48A3C8364} = {995FCFF9-E5F6-4BDD-8E5B-FBDEA21145F9}
		{0748A92D-3AC6-4406-B09C-0BF07A030DD5} = {995FCFF9-E5F6-4BDD-8E5B-FBDEA21145F9}
		{174DC3AC-F883-4B85-BE90-EA5B7BB01961} = {C2EB60CC-CA5A-4E49-A3F8-4432FB117869}
		{01457A29-0D92-45A3-A37A-A6381E766D67} = {EF444B27-3CBA-4581-893A-7F6DB5527371}
		{8520802B-DCBB-42DE-866C-C7F533129071} = {EF444B27-3CBA-4581-893A-7F6DB5527371}
		{6B2BF265-7141-40E2-9BEC-DAFB9547B942} = {EF444B27-3CBA-4581-893A-7F6DB5527371}
		{17D18F38-2030-46BE-8C5A-48607A6E69AA} = {EF444B27-3CBA-4581-893A-7F6DB5527371}
		{FA7BA2F5-47DA-418F-B29F-458714F44C89} = {EF444B27-3CBA-4581-893A-7F6DB5527371}
	EndGlobalSection
	GlobalSection(ExtensibilityGlobals) = postSolution
		SolutionGuid = {C48AD7EE-82B1-4307-A869-3FC14AC9B21F}
	EndGlobalSection
EndGlobal
