
Microsoft Visual Studio Solution File, Format Version 12.00
# Visual Studio Version 16
VisualStudioVersion = 16.0.29009.5
MinimumVisualStudioVersion = 10.0.40219.1
Project("{2150E333-8FDC-42A3-9474-1A3956D46DE8}") = "src", "src", "{995FCFF9-E5F6-4BDD-8E5B-FBDEA21145F9}"
	ProjectSection(SolutionItems) = preProject
		NuGet.Config = NuGet.Config
	EndProjectSection
EndProject
Project("{2150E333-8FDC-42A3-9474-1A3956D46DE8}") = "Solution Items", "Solution Items", "{BAF239DE-04E9-428E-A6D6-98D4C6CFB9E3}"
	ProjectSection(SolutionItems) = preProject
		NuGet.Config = NuGet.Config
	EndProjectSection
EndProject
Project("{2150E333-8FDC-42A3-9474-1A3956D46DE8}") = "experimental", "experimental", "{C2EB60CC-CA5A-4E49-A3F8-4432FB117869}"
EndProject
Project("{9A19103F-16F7-4668-BE54-9A1E7A4F7556}") = "Benchmarks", "src\Benchmarks\Benchmarks.csproj", "{EC62ACF4-8B19-41C2-B699-D75CAB7763DF}"
EndProject
Project("{9A19103F-16F7-4668-BE54-9A1E7A4F7556}") = "BenchmarksDriver", "src\BenchmarksDriver\BenchmarksDriver.csproj", "{81C74B7C-B9E3-4F01-9C39-6894E81B193A}"
EndProject
Project("{9A19103F-16F7-4668-BE54-9A1E7A4F7556}") = "BenchmarksServer", "src\BenchmarksServer\BenchmarksServer.csproj", "{73F095D2-D0BD-4D03-BC17-D7A5EF0C0191}"
EndProject
Project("{9A19103F-16F7-4668-BE54-9A1E7A4F7556}") = "BenchmarksClient", "src\BenchmarksClient\BenchmarksClient.csproj", "{75A5E20D-37CD-49DA-BD74-1F730C353517}"
EndProject
Project("{9A19103F-16F7-4668-BE54-9A1E7A4F7556}") = "Repository", "src\Repository\Repository.csproj", "{716F7F93-BC1D-4B2C-BF1C-20051CAF7BB7}"
EndProject
Project("{9A19103F-16F7-4668-BE54-9A1E7A4F7556}") = "Benchmarks.ClientJob", "src\Benchmarks.ClientJob\Benchmarks.ClientJob.csproj", "{FFE0CFA5-ADCB-4E63-9B2D-DBC48A3C8364}"
EndProject
Project("{9A19103F-16F7-4668-BE54-9A1E7A4F7556}") = "Benchmarks.ServerJob", "src\Benchmarks.ServerJob\Benchmarks.ServerJob.csproj", "{0748A92D-3AC6-4406-B09C-0BF07A030DD5}"
EndProject
Project("{9A19103F-16F7-4668-BE54-9A1E7A4F7556}") = "HttpBenchmark", "experimental\HttpBenchmark\HttpBenchmark.csproj", "{174DC3AC-F883-4B85-BE90-EA5B7BB01961}"
EndProject
Project("{2150E333-8FDC-42A3-9474-1A3956D46DE8}") = "build", "build", "{E07EF419-FB9D-4A20-AD4B-C02C13636BA8}"
	ProjectSection(SolutionItems) = preProject
		build\dependencies.props = build\dependencies.props
		Directory.Build.props = Directory.Build.props
		Directory.Build.targets = Directory.Build.targets
		build\scenarios-baselines.sh = build\scenarios-baselines.sh
		build\scenarios-blazor.sh = build\scenarios-blazor.sh
		build\scenarios-efcore.sh = build\scenarios-efcore.sh
		build\scenarios-frameworks.sh = build\scenarios-frameworks.sh
		build\scenarios-grpc.sh = build\scenarios-grpc.sh
		build\scenarios-link-a-thon.sh = build\scenarios-link-a-thon.sh
		build\scenarios-orchard.sh = build\scenarios-orchard.sh
		build\scenarios-proxy.sh = build\scenarios-proxy.sh
		build\scenarios-signalr.sh = build\scenarios-signalr.sh
		build\scenarios-te.sh = build\scenarios-te.sh
		build\scenarios-tieredcomp.sh = build\scenarios-tieredcomp.sh
		build\scenarios.sh = build\scenarios.sh
	EndProjectSection
EndProject
Project("{2150E333-8FDC-42A3-9474-1A3956D46DE8}") = "docker", "docker", "{EF444B27-3CBA-4581-893A-7F6DB5527371}"
	ProjectSection(SolutionItems) = preProject
		docker\README.md = docker\README.md
	EndProjectSection
EndProject
Project("{2150E333-8FDC-42A3-9474-1A3956D46DE8}") = "benchmarks", "benchmarks", "{01457A29-0D92-45A3-A37A-A6381E766D67}"
	ProjectSection(SolutionItems) = preProject
		docker\benchmarks\build.sh = docker\benchmarks\build.sh
		docker\benchmarks\Dockerfile = docker\benchmarks\Dockerfile
		docker\benchmarks\run-client.sh = docker\benchmarks\run-client.sh
		docker\benchmarks\run-server.sh = docker\benchmarks\run-server.sh
		docker\benchmarks\stop-client.sh = docker\benchmarks\stop-client.sh
		docker\benchmarks\stop-server.sh = docker\benchmarks\stop-server.sh
	EndProjectSection
EndProject
Project("{2150E333-8FDC-42A3-9474-1A3956D46DE8}") = "postgres-techempower", "postgres-techempower", "{8520802B-DCBB-42DE-866C-C7F533129071}"
	ProjectSection(SolutionItems) = preProject
		docker\postgres-techempower\build.sh = docker\postgres-techempower\build.sh
		docker\postgres-techempower\create-postgres.sql = docker\postgres-techempower\create-postgres.sql
		docker\postgres-techempower\Dockerfile = docker\postgres-techempower\Dockerfile
		docker\postgres-techempower\max_connections.sh = docker\postgres-techempower\max_connections.sh
		docker\postgres-techempower\run.sh = docker\postgres-techempower\run.sh
		docker\postgres-techempower\stop.sh = docker\postgres-techempower\stop.sh
	EndProjectSection
EndProject
Project("{2150E333-8FDC-42A3-9474-1A3956D46DE8}") = "postgres-techempower-fortunesbench", "postgres-techempower-fortunesbench", "{6B2BF265-7141-40E2-9BEC-DAFB9547B942}"
	ProjectSection(SolutionItems) = preProject
		docker\postgres-techempower-fortunesbench\build.sh = docker\postgres-techempower-fortunesbench\build.sh
		docker\postgres-techempower-fortunesbench\Dockerfile = docker\postgres-techempower-fortunesbench\Dockerfile
		docker\postgres-techempower-fortunesbench\fortunes.sql = docker\postgres-techempower-fortunesbench\fortunes.sql
		docker\postgres-techempower-fortunesbench\fortunesbench.sh = docker\postgres-techempower-fortunesbench\fortunesbench.sh
		docker\postgres-techempower-fortunesbench\run.sh = docker\postgres-techempower-fortunesbench\run.sh
	EndProjectSection
EndProject
Project("{2150E333-8FDC-42A3-9474-1A3956D46DE8}") = "mysql-techempower", "mysql-techempower", "{17D18F38-2030-46BE-8C5A-48607A6E69AA}"
	ProjectSection(SolutionItems) = preProject
		docker\mysql-techempower\build.sh = docker\mysql-techempower\build.sh
		docker\mysql-techempower\create.sql = docker\mysql-techempower\create.sql
		docker\mysql-techempower\Dockerfile = docker\mysql-techempower\Dockerfile
		docker\mysql-techempower\my.cnf = docker\mysql-techempower\my.cnf
		docker\mysql-techempower\run.sh = docker\mysql-techempower\run.sh
		docker\mysql-techempower\stop.sh = docker\mysql-techempower\stop.sh
	EndProjectSection
EndProject
Project("{2150E333-8FDC-42A3-9474-1A3956D46DE8}") = "mssql-techempower", "mssql-techempower", "{FA7BA2F5-47DA-418F-B29F-458714F44C89}"
	ProjectSection(SolutionItems) = preProject
		docker\mssql-techempower\build.sh = docker\mssql-techempower\build.sh
		docker\mssql-techempower\create.sql = docker\mssql-techempower\create.sql
		docker\mssql-techempower\Dockerfile = docker\mssql-techempower\Dockerfile
		docker\mssql-techempower\entrypoint.sh = docker\mssql-techempower\entrypoint.sh
		docker\mssql-techempower\import-data.sh = docker\mssql-techempower\import-data.sh
		docker\mssql-techempower\run.sh = docker\mssql-techempower\run.sh
		docker\mssql-techempower\stop.sh = docker\mssql-techempower\stop.sh
	EndProjectSection
EndProject
Project("{2150E333-8FDC-42A3-9474-1A3956D46DE8}") = "mongodb-techempower", "mongodb-techempower", "{13B1DC5E-AD37-4958-B22D-FAE26F6D4058}"
	ProjectSection(SolutionItems) = preProject
		docker\mongodb-techempower\build.sh = docker\mongodb-techempower\build.sh
		docker\mongodb-techempower\create.js = docker\mongodb-techempower\create.js
		docker\mongodb-techempower\Dockerfile = docker\mongodb-techempower\Dockerfile
		docker\mongodb-techempower\run.sh = docker\mongodb-techempower\run.sh
		docker\mongodb-techempower\shell.sh = docker\mongodb-techempower\shell.sh
		docker\mongodb-techempower\stop.sh = docker\mongodb-techempower\stop.sh
	EndProjectSection
EndProject
Project("{2150E333-8FDC-42A3-9474-1A3956D46DE8}") = "benchmarks-driver", "benchmarks-driver", "{80EE0663-7860-4756-8A0E-6A5B6FA5E546}"
	ProjectSection(SolutionItems) = preProject
		docker\benchmarks-driver\build.cmd = docker\benchmarks-driver\build.cmd
		docker\benchmarks-driver\build.sh = docker\benchmarks-driver\build.sh
		docker\benchmarks-driver\Dockerfile = docker\benchmarks-driver\Dockerfile
		docker\benchmarks-driver\run.cmd = docker\benchmarks-driver\run.cmd
		docker\benchmarks-driver\run.sh = docker\benchmarks-driver\run.sh
	EndProjectSection
EndProject
Project("{9A19103F-16F7-4668-BE54-9A1E7A4F7556}") = "Downstream", "src\Downstream\Downstream.csproj", "{6FD9CE9A-C398-4B30-8DDF-AA9EFC20260E}"
EndProject
Project("{9A19103F-16F7-4668-BE54-9A1E7A4F7556}") = "BenchmarksBot", "src\BenchmarksBot\BenchmarksBot.csproj", "{0E7ACF12-5E66-4EFF-B114-835512171214}"
EndProject
Project("{2150E333-8FDC-42A3-9474-1A3956D46DE8}") = "nginx", "nginx", "{3B18E572-1B3C-440F-9C34-A95080CF8D0D}"
	ProjectSection(SolutionItems) = preProject
		docker\nginx\nginx.conf = docker\nginx\nginx.conf
		docker\nginx\nginx.dockerfile = docker\nginx\nginx.dockerfile
		docker\nginx\run.sh = docker\nginx\run.sh
	EndProjectSection
EndProject
Project("{2150E333-8FDC-42A3-9474-1A3956D46DE8}") = "haproxy", "haproxy", "{662D547D-7365-4E86-8515-E8AE33316D84}"
	ProjectSection(SolutionItems) = preProject
		docker\haproxy\haproxy.cfg = docker\haproxy\haproxy.cfg
		docker\haproxy\haproxy.dockerfile = docker\haproxy\haproxy.dockerfile
	EndProjectSection
EndProject
Project("{9A19103F-16F7-4668-BE54-9A1E7A4F7556}") = "CommitResolver", "src\CommitResolver\CommitResolver.csproj", "{618BFF48-F91C-47F3-90CB-99AF637D0757}"
EndProject
Project("{2150E333-8FDC-42A3-9474-1A3956D46DE8}") = "redis", "redis", "{5FF28F83-EB16-41C0-8B47-94BD0918A2DF}"
	ProjectSection(SolutionItems) = preProject
		docker\redis\build.sh = docker\redis\build.sh
		docker\redis\Dockerfile = docker\redis\Dockerfile
		docker\redis\run.sh = docker\redis\run.sh
		docker\redis\stop.sh = docker\redis\stop.sh
	EndProjectSection
EndProject
Project("{9A19103F-16F7-4668-BE54-9A1E7A4F7556}") = "Benchmarks.UI.Server", "src\Benchmarks.UI.Server\Benchmarks.UI.Server.csproj", "{55D9F5E1-7DBE-4AD2-84AF-00533A51E62E}"
EndProject
Project("{9A19103F-16F7-4668-BE54-9A1E7A4F7556}") = "Benchmarks.UI.App", "src\Benchmarks.UI.App\Benchmarks.UI.App.csproj", "{13EB3916-288E-4746-BF68-F2B3BB5018E4}"
EndProject
Project("{2150E333-8FDC-42A3-9474-1A3956D46DE8}") = "benchmarks-ui", "benchmarks-ui", "{0060F62B-7E63-4A2F-919F-2188EBE8BAA5}"
	ProjectSection(SolutionItems) = preProject
		docker\benchmarks-ui\build.sh = docker\benchmarks-ui\build.sh
		docker\benchmarks-ui\Dockerfile = docker\benchmarks-ui\Dockerfile
		docker\benchmarks-ui\run.sh = docker\benchmarks-ui\run.sh
		docker\benchmarks-ui\stop.sh = docker\benchmarks-ui\stop.sh
	EndProjectSection
EndProject
Project("{9A19103F-16F7-4668-BE54-9A1E7A4F7556}") = "EventPipesAnalyzer", "src\EventPipesAnalyzer\EventPipesAnalyzer.csproj", "{4B8AC913-92D3-4540-9E03-8D397313B58A}"
EndProject
Project("{2150E333-8FDC-42A3-9474-1A3956D46DE8}") = "BenchmarksApps", "BenchmarksApps", "{A9BDD13F-8E19-459E-BE3F-4484AE699265}"
EndProject
Project("{2150E333-8FDC-42A3-9474-1A3956D46DE8}") = "SignalR", "SignalR", "{056F8716-EC43-4A25-AAC0-D0EE0AEE0FF8}"
EndProject
Project("{9A19103F-16F7-4668-BE54-9A1E7A4F7556}") = "BenchmarkServer", "src\BenchmarksApps\SignalR\BenchmarkServer.csproj", "{40FF940F-A7D8-4928-B3ED-942BA1EDF4E3}"
EndProject
Project("{2150E333-8FDC-42A3-9474-1A3956D46DE8}") = "Samples", "Samples", "{283D8E37-3F74-4728-A3D0-09D5D0D31220}"
EndProject
Project("{9A19103F-16F7-4668-BE54-9A1E7A4F7556}") = "Template", "src\BenchmarksApps\Samples\Template\Template.csproj", "{F2E32105-4792-460C-A198-DE3E01529F16}"
EndProject
Project("{9A19103F-16F7-4668-BE54-9A1E7A4F7556}") = "JobConsumer", "src\JobConsumer\JobConsumer.csproj", "{1EBB1EFC-7550-4D81-8A7A-53C74545576B}"
EndProject
Project("{2150E333-8FDC-42A3-9474-1A3956D46DE8}") = "jobconsumer", "jobconsumer", "{2F523E47-8703-4F53-BEFF-833872482C2A}"
	ProjectSection(SolutionItems) = preProject
		docker\jobconsumer\build.sh = docker\jobconsumer\build.sh
		docker\jobconsumer\Dockerfile = docker\jobconsumer\Dockerfile
		docker\jobconsumer\run.sh = docker\jobconsumer\run.sh
		docker\jobconsumer\stop.sh = docker\jobconsumer\stop.sh
	EndProjectSection
EndProject
Project("{9A19103F-16F7-4668-BE54-9A1E7A4F7556}") = "PRJobProducer", "src\PRJobProducer\PRJobProducer.csproj", "{BDD73586-ED54-4F0C-8842-864697CD9D26}"
EndProject
Project("{2150E333-8FDC-42A3-9474-1A3956D46DE8}") = "jenkins", "jenkins", "{165508DE-D568-4403-8B58-3AB9F9770DF0}"
	ProjectSection(SolutionItems) = preProject
		docker\jenkins\build.sh = docker\jenkins\build.sh
		docker\jenkins\Dockerfile = docker\jenkins\Dockerfile
		executors.groovy = executors.groovy
		docker\jenkins\run.sh = docker\jenkins\run.sh
		docker\jenkins\stop.sh = docker\jenkins\stop.sh
	EndProjectSection
EndProject
Project("{2150E333-8FDC-42A3-9474-1A3956D46DE8}") = "Refactoring", "Refactoring", "{39985004-8041-41FC-BBB1-CCF999D7BC16}"
EndProject
Project("{9A19103F-16F7-4668-BE54-9A1E7A4F7556}") = "BenchmarksDriver", "src\BenchmarksDriver2\BenchmarksDriver.csproj", "{FBBE33C5-F94B-4336-9352-D322FE5DEC0F}"
EndProject
Project("{9A19103F-16F7-4668-BE54-9A1E7A4F7556}") = "HttpClientClient", "src\HttpClientClient\HttpClientClient.csproj", "{47182A8B-BC35-49CF-8322-DABB559B58A5}"
EndProject
Project("{9A19103F-16F7-4668-BE54-9A1E7A4F7556}") = "NullClient", "src\NullClient\NullClient.csproj", "{FA54AC53-B4CF-41C6-B67B-1E2FA2B0E5A9}"
EndProject
Project("{9A19103F-16F7-4668-BE54-9A1E7A4F7556}") = "PipeliningClient", "src\PipeliningClient\PipeliningClient.csproj", "{B91B2622-8E83-4CFD-9F8A-A5809BC070D3}"
EndProject
Project("{9A19103F-16F7-4668-BE54-9A1E7A4F7556}") = "BombardierClient", "src\BombardierClient\BombardierClient.csproj", "{3F564B33-5D49-47AB-91CB-5AA987E691EE}"
EndProject
Project("{2150E333-8FDC-42A3-9474-1A3956D46DE8}") = "Kestrel", "Kestrel", "{E5BFE89B-7D77-47A5-8666-71B7CE8EA308}"
EndProject
Project("{9A19103F-16F7-4668-BE54-9A1E7A4F7556}") = "PlatformBenchmarks", "src\BenchmarksApps\Kestrel\PlatformBenchmarks\PlatformBenchmarks.csproj", "{CCDF6F81-95B5-4941-B1AF-1359D80531DA}"
EndProject
Project("{9A19103F-16F7-4668-BE54-9A1E7A4F7556}") = "WrkClient", "src\WrkClient\WrkClient.csproj", "{7B2952D4-1EF2-4BCD-A452-E03A4C5616FB}"
EndProject
Project("{9A19103F-16F7-4668-BE54-9A1E7A4F7556}") = "Wrk2Client", "src\Wrk2Client\Wrk2Client.csproj", "{82A080E6-2708-47D2-8973-60D2BE64BFE6}"
EndProject
Project("{2150E333-8FDC-42A3-9474-1A3956D46DE8}") = "envoy", "envoy", "{6C649972-F0F4-4310-A10F-605D7F3B7932}"
	ProjectSection(SolutionItems) = preProject
		docker\envoy\envoy.dockerfile = docker\envoy\envoy.dockerfile
		docker\envoy\envoy.yaml = docker\envoy\envoy.yaml
		docker\envoy\run.sh = docker\envoy\run.sh
	EndProjectSection
EndProject
Project("{2150E333-8FDC-42A3-9474-1A3956D46DE8}") = "IIS", "IIS", "{1C3E1C7F-972A-4FF0-85CC-FE44010FFF44}"
EndProject
Project("{9A19103F-16F7-4668-BE54-9A1E7A4F7556}") = "Proxy", "src\BenchmarksApps\IIS\Proxy\Proxy.csproj", "{0F5C2583-D9C6-45A7-B868-0E4E773F33F3}"
EndProject
Project("{2150E333-8FDC-42A3-9474-1A3956D46DE8}") = "HttpClient", "HttpClient", "{13D935DC-E6B4-4CE1-AF75-CE82CB245C14}"
EndProject
Project("{9A19103F-16F7-4668-BE54-9A1E7A4F7556}") = "Proxy", "src\BenchmarksApps\HttpClient\Proxy\Proxy.csproj", "{B5E3C5E2-121C-4869-8435-8A044EC347B0}"
EndProject
Project("{2150E333-8FDC-42A3-9474-1A3956D46DE8}") = "pipelines", "pipelines", "{3E9DA42B-F7FB-42A9-8518-1ADA71AEDF12}"
	ProjectSection(SolutionItems) = preProject
		build\baselines-scenarios.yml = build\baselines-scenarios.yml
		build\benchmarks.pipelines.yml = build\benchmarks.pipelines.yml
		build\blazor-scenarios.yml = build\blazor-scenarios.yml
		build\efcore-scenarios.yml = build\efcore-scenarios.yml
		build\frameworks-scenarios.yml = build\frameworks-scenarios.yml
		build\prbenchmarks.yml = build\prbenchmarks.yml
		build\proxies.yml = build\proxies.yml
		build\regressionbot.yml = build\regressionbot.yml
		build\stress-blazorwasm.yml = build\stress-blazorwasm.yml
		build\stress-fortunes.yml = build\stress-fortunes.yml
		build\trend-citrine-template.yml = build\trend-citrine-template.yml
		build\trend-scenarios.yml = build\trend-scenarios.yml
	EndProjectSection
EndProject
Project("{9A19103F-16F7-4668-BE54-9A1E7A4F7556}") = "SignalRClient", "src\SignalRClient\SignalRClient.csproj", "{9C2EE0E6-DD03-4568-8D4A-43FE2371FD0B}"
EndProject
Project("{9A19103F-16F7-4668-BE54-9A1E7A4F7556}") = "TcpClient", "src\TcpClient\TcpClient.csproj", "{127BD56E-993B-47A7-BC0A-2300DF53FADC}"
EndProject
Project("{9A19103F-16F7-4668-BE54-9A1E7A4F7556}") = "AzDoConsumer", "src\AzDoConsumer\AzDoConsumer.csproj", "{499B0522-A7CE-4788-9166-1AFFBF506F68}"
EndProject
Global
	GlobalSection(SolutionConfigurationPlatforms) = preSolution
		Debug|Any CPU = Debug|Any CPU
		Debug|x64 = Debug|x64
		Debug|x86 = Debug|x86
		Release|Any CPU = Release|Any CPU
		Release|x64 = Release|x64
		Release|x86 = Release|x86
	EndGlobalSection
	GlobalSection(ProjectConfigurationPlatforms) = postSolution
		{EC62ACF4-8B19-41C2-B699-D75CAB7763DF}.Debug|Any CPU.ActiveCfg = Debug|Any CPU
		{EC62ACF4-8B19-41C2-B699-D75CAB7763DF}.Debug|Any CPU.Build.0 = Debug|Any CPU
		{EC62ACF4-8B19-41C2-B699-D75CAB7763DF}.Debug|x64.ActiveCfg = Debug|Any CPU
		{EC62ACF4-8B19-41C2-B699-D75CAB7763DF}.Debug|x64.Build.0 = Debug|Any CPU
		{EC62ACF4-8B19-41C2-B699-D75CAB7763DF}.Debug|x86.ActiveCfg = Debug|Any CPU
		{EC62ACF4-8B19-41C2-B699-D75CAB7763DF}.Debug|x86.Build.0 = Debug|Any CPU
		{EC62ACF4-8B19-41C2-B699-D75CAB7763DF}.Release|Any CPU.ActiveCfg = Release|Any CPU
		{EC62ACF4-8B19-41C2-B699-D75CAB7763DF}.Release|Any CPU.Build.0 = Release|Any CPU
		{EC62ACF4-8B19-41C2-B699-D75CAB7763DF}.Release|x64.ActiveCfg = Release|Any CPU
		{EC62ACF4-8B19-41C2-B699-D75CAB7763DF}.Release|x64.Build.0 = Release|Any CPU
		{EC62ACF4-8B19-41C2-B699-D75CAB7763DF}.Release|x86.ActiveCfg = Release|Any CPU
		{EC62ACF4-8B19-41C2-B699-D75CAB7763DF}.Release|x86.Build.0 = Release|Any CPU
		{81C74B7C-B9E3-4F01-9C39-6894E81B193A}.Debug|Any CPU.ActiveCfg = Debug|Any CPU
		{81C74B7C-B9E3-4F01-9C39-6894E81B193A}.Debug|Any CPU.Build.0 = Debug|Any CPU
		{81C74B7C-B9E3-4F01-9C39-6894E81B193A}.Debug|x64.ActiveCfg = Debug|Any CPU
		{81C74B7C-B9E3-4F01-9C39-6894E81B193A}.Debug|x64.Build.0 = Debug|Any CPU
		{81C74B7C-B9E3-4F01-9C39-6894E81B193A}.Debug|x86.ActiveCfg = Debug|Any CPU
		{81C74B7C-B9E3-4F01-9C39-6894E81B193A}.Debug|x86.Build.0 = Debug|Any CPU
		{81C74B7C-B9E3-4F01-9C39-6894E81B193A}.Release|Any CPU.ActiveCfg = Release|Any CPU
		{81C74B7C-B9E3-4F01-9C39-6894E81B193A}.Release|Any CPU.Build.0 = Release|Any CPU
		{81C74B7C-B9E3-4F01-9C39-6894E81B193A}.Release|x64.ActiveCfg = Release|Any CPU
		{81C74B7C-B9E3-4F01-9C39-6894E81B193A}.Release|x64.Build.0 = Release|Any CPU
		{81C74B7C-B9E3-4F01-9C39-6894E81B193A}.Release|x86.ActiveCfg = Release|Any CPU
		{81C74B7C-B9E3-4F01-9C39-6894E81B193A}.Release|x86.Build.0 = Release|Any CPU
		{73F095D2-D0BD-4D03-BC17-D7A5EF0C0191}.Debug|Any CPU.ActiveCfg = Debug|Any CPU
		{73F095D2-D0BD-4D03-BC17-D7A5EF0C0191}.Debug|Any CPU.Build.0 = Debug|Any CPU
		{73F095D2-D0BD-4D03-BC17-D7A5EF0C0191}.Debug|x64.ActiveCfg = Debug|Any CPU
		{73F095D2-D0BD-4D03-BC17-D7A5EF0C0191}.Debug|x64.Build.0 = Debug|Any CPU
		{73F095D2-D0BD-4D03-BC17-D7A5EF0C0191}.Debug|x86.ActiveCfg = Debug|Any CPU
		{73F095D2-D0BD-4D03-BC17-D7A5EF0C0191}.Debug|x86.Build.0 = Debug|Any CPU
		{73F095D2-D0BD-4D03-BC17-D7A5EF0C0191}.Release|Any CPU.ActiveCfg = Release|Any CPU
		{73F095D2-D0BD-4D03-BC17-D7A5EF0C0191}.Release|Any CPU.Build.0 = Release|Any CPU
		{73F095D2-D0BD-4D03-BC17-D7A5EF0C0191}.Release|x64.ActiveCfg = Release|Any CPU
		{73F095D2-D0BD-4D03-BC17-D7A5EF0C0191}.Release|x64.Build.0 = Release|Any CPU
		{73F095D2-D0BD-4D03-BC17-D7A5EF0C0191}.Release|x86.ActiveCfg = Release|Any CPU
		{73F095D2-D0BD-4D03-BC17-D7A5EF0C0191}.Release|x86.Build.0 = Release|Any CPU
		{75A5E20D-37CD-49DA-BD74-1F730C353517}.Debug|Any CPU.ActiveCfg = Debug|Any CPU
		{75A5E20D-37CD-49DA-BD74-1F730C353517}.Debug|Any CPU.Build.0 = Debug|Any CPU
		{75A5E20D-37CD-49DA-BD74-1F730C353517}.Debug|x64.ActiveCfg = Debug|Any CPU
		{75A5E20D-37CD-49DA-BD74-1F730C353517}.Debug|x64.Build.0 = Debug|Any CPU
		{75A5E20D-37CD-49DA-BD74-1F730C353517}.Debug|x86.ActiveCfg = Debug|Any CPU
		{75A5E20D-37CD-49DA-BD74-1F730C353517}.Debug|x86.Build.0 = Debug|Any CPU
		{75A5E20D-37CD-49DA-BD74-1F730C353517}.Release|Any CPU.ActiveCfg = Release|Any CPU
		{75A5E20D-37CD-49DA-BD74-1F730C353517}.Release|Any CPU.Build.0 = Release|Any CPU
		{75A5E20D-37CD-49DA-BD74-1F730C353517}.Release|x64.ActiveCfg = Release|Any CPU
		{75A5E20D-37CD-49DA-BD74-1F730C353517}.Release|x64.Build.0 = Release|Any CPU
		{75A5E20D-37CD-49DA-BD74-1F730C353517}.Release|x86.ActiveCfg = Release|Any CPU
		{75A5E20D-37CD-49DA-BD74-1F730C353517}.Release|x86.Build.0 = Release|Any CPU
		{716F7F93-BC1D-4B2C-BF1C-20051CAF7BB7}.Debug|Any CPU.ActiveCfg = Debug|Any CPU
		{716F7F93-BC1D-4B2C-BF1C-20051CAF7BB7}.Debug|Any CPU.Build.0 = Debug|Any CPU
		{716F7F93-BC1D-4B2C-BF1C-20051CAF7BB7}.Debug|x64.ActiveCfg = Debug|Any CPU
		{716F7F93-BC1D-4B2C-BF1C-20051CAF7BB7}.Debug|x64.Build.0 = Debug|Any CPU
		{716F7F93-BC1D-4B2C-BF1C-20051CAF7BB7}.Debug|x86.ActiveCfg = Debug|Any CPU
		{716F7F93-BC1D-4B2C-BF1C-20051CAF7BB7}.Debug|x86.Build.0 = Debug|Any CPU
		{716F7F93-BC1D-4B2C-BF1C-20051CAF7BB7}.Release|Any CPU.ActiveCfg = Release|Any CPU
		{716F7F93-BC1D-4B2C-BF1C-20051CAF7BB7}.Release|Any CPU.Build.0 = Release|Any CPU
		{716F7F93-BC1D-4B2C-BF1C-20051CAF7BB7}.Release|x64.ActiveCfg = Release|Any CPU
		{716F7F93-BC1D-4B2C-BF1C-20051CAF7BB7}.Release|x64.Build.0 = Release|Any CPU
		{716F7F93-BC1D-4B2C-BF1C-20051CAF7BB7}.Release|x86.ActiveCfg = Release|Any CPU
		{716F7F93-BC1D-4B2C-BF1C-20051CAF7BB7}.Release|x86.Build.0 = Release|Any CPU
		{FFE0CFA5-ADCB-4E63-9B2D-DBC48A3C8364}.Debug|Any CPU.ActiveCfg = Debug|Any CPU
		{FFE0CFA5-ADCB-4E63-9B2D-DBC48A3C8364}.Debug|Any CPU.Build.0 = Debug|Any CPU
		{FFE0CFA5-ADCB-4E63-9B2D-DBC48A3C8364}.Debug|x64.ActiveCfg = Debug|Any CPU
		{FFE0CFA5-ADCB-4E63-9B2D-DBC48A3C8364}.Debug|x64.Build.0 = Debug|Any CPU
		{FFE0CFA5-ADCB-4E63-9B2D-DBC48A3C8364}.Debug|x86.ActiveCfg = Debug|Any CPU
		{FFE0CFA5-ADCB-4E63-9B2D-DBC48A3C8364}.Debug|x86.Build.0 = Debug|Any CPU
		{FFE0CFA5-ADCB-4E63-9B2D-DBC48A3C8364}.Release|Any CPU.ActiveCfg = Release|Any CPU
		{FFE0CFA5-ADCB-4E63-9B2D-DBC48A3C8364}.Release|Any CPU.Build.0 = Release|Any CPU
		{FFE0CFA5-ADCB-4E63-9B2D-DBC48A3C8364}.Release|x64.ActiveCfg = Release|Any CPU
		{FFE0CFA5-ADCB-4E63-9B2D-DBC48A3C8364}.Release|x64.Build.0 = Release|Any CPU
		{FFE0CFA5-ADCB-4E63-9B2D-DBC48A3C8364}.Release|x86.ActiveCfg = Release|Any CPU
		{FFE0CFA5-ADCB-4E63-9B2D-DBC48A3C8364}.Release|x86.Build.0 = Release|Any CPU
		{0748A92D-3AC6-4406-B09C-0BF07A030DD5}.Debug|Any CPU.ActiveCfg = Debug|Any CPU
		{0748A92D-3AC6-4406-B09C-0BF07A030DD5}.Debug|Any CPU.Build.0 = Debug|Any CPU
		{0748A92D-3AC6-4406-B09C-0BF07A030DD5}.Debug|x64.ActiveCfg = Debug|Any CPU
		{0748A92D-3AC6-4406-B09C-0BF07A030DD5}.Debug|x64.Build.0 = Debug|Any CPU
		{0748A92D-3AC6-4406-B09C-0BF07A030DD5}.Debug|x86.ActiveCfg = Debug|Any CPU
		{0748A92D-3AC6-4406-B09C-0BF07A030DD5}.Debug|x86.Build.0 = Debug|Any CPU
		{0748A92D-3AC6-4406-B09C-0BF07A030DD5}.Release|Any CPU.ActiveCfg = Release|Any CPU
		{0748A92D-3AC6-4406-B09C-0BF07A030DD5}.Release|Any CPU.Build.0 = Release|Any CPU
		{0748A92D-3AC6-4406-B09C-0BF07A030DD5}.Release|x64.ActiveCfg = Release|Any CPU
		{0748A92D-3AC6-4406-B09C-0BF07A030DD5}.Release|x64.Build.0 = Release|Any CPU
		{0748A92D-3AC6-4406-B09C-0BF07A030DD5}.Release|x86.ActiveCfg = Release|Any CPU
		{0748A92D-3AC6-4406-B09C-0BF07A030DD5}.Release|x86.Build.0 = Release|Any CPU
		{174DC3AC-F883-4B85-BE90-EA5B7BB01961}.Debug|Any CPU.ActiveCfg = Debug|Any CPU
		{174DC3AC-F883-4B85-BE90-EA5B7BB01961}.Debug|Any CPU.Build.0 = Debug|Any CPU
		{174DC3AC-F883-4B85-BE90-EA5B7BB01961}.Debug|x64.ActiveCfg = Debug|Any CPU
		{174DC3AC-F883-4B85-BE90-EA5B7BB01961}.Debug|x64.Build.0 = Debug|Any CPU
		{174DC3AC-F883-4B85-BE90-EA5B7BB01961}.Debug|x86.ActiveCfg = Debug|Any CPU
		{174DC3AC-F883-4B85-BE90-EA5B7BB01961}.Debug|x86.Build.0 = Debug|Any CPU
		{174DC3AC-F883-4B85-BE90-EA5B7BB01961}.Release|Any CPU.ActiveCfg = Release|Any CPU
		{174DC3AC-F883-4B85-BE90-EA5B7BB01961}.Release|Any CPU.Build.0 = Release|Any CPU
		{174DC3AC-F883-4B85-BE90-EA5B7BB01961}.Release|x64.ActiveCfg = Release|Any CPU
		{174DC3AC-F883-4B85-BE90-EA5B7BB01961}.Release|x64.Build.0 = Release|Any CPU
		{174DC3AC-F883-4B85-BE90-EA5B7BB01961}.Release|x86.ActiveCfg = Release|Any CPU
		{174DC3AC-F883-4B85-BE90-EA5B7BB01961}.Release|x86.Build.0 = Release|Any CPU
		{6FD9CE9A-C398-4B30-8DDF-AA9EFC20260E}.Debug|Any CPU.ActiveCfg = Debug|Any CPU
		{6FD9CE9A-C398-4B30-8DDF-AA9EFC20260E}.Debug|Any CPU.Build.0 = Debug|Any CPU
		{6FD9CE9A-C398-4B30-8DDF-AA9EFC20260E}.Debug|x64.ActiveCfg = Debug|Any CPU
		{6FD9CE9A-C398-4B30-8DDF-AA9EFC20260E}.Debug|x64.Build.0 = Debug|Any CPU
		{6FD9CE9A-C398-4B30-8DDF-AA9EFC20260E}.Debug|x86.ActiveCfg = Debug|Any CPU
		{6FD9CE9A-C398-4B30-8DDF-AA9EFC20260E}.Debug|x86.Build.0 = Debug|Any CPU
		{6FD9CE9A-C398-4B30-8DDF-AA9EFC20260E}.Release|Any CPU.ActiveCfg = Release|Any CPU
		{6FD9CE9A-C398-4B30-8DDF-AA9EFC20260E}.Release|Any CPU.Build.0 = Release|Any CPU
		{6FD9CE9A-C398-4B30-8DDF-AA9EFC20260E}.Release|x64.ActiveCfg = Release|Any CPU
		{6FD9CE9A-C398-4B30-8DDF-AA9EFC20260E}.Release|x64.Build.0 = Release|Any CPU
		{6FD9CE9A-C398-4B30-8DDF-AA9EFC20260E}.Release|x86.ActiveCfg = Release|Any CPU
		{6FD9CE9A-C398-4B30-8DDF-AA9EFC20260E}.Release|x86.Build.0 = Release|Any CPU
		{0E7ACF12-5E66-4EFF-B114-835512171214}.Debug|Any CPU.ActiveCfg = Debug|Any CPU
		{0E7ACF12-5E66-4EFF-B114-835512171214}.Debug|Any CPU.Build.0 = Debug|Any CPU
		{0E7ACF12-5E66-4EFF-B114-835512171214}.Debug|x64.ActiveCfg = Debug|Any CPU
		{0E7ACF12-5E66-4EFF-B114-835512171214}.Debug|x64.Build.0 = Debug|Any CPU
		{0E7ACF12-5E66-4EFF-B114-835512171214}.Debug|x86.ActiveCfg = Debug|Any CPU
		{0E7ACF12-5E66-4EFF-B114-835512171214}.Debug|x86.Build.0 = Debug|Any CPU
		{0E7ACF12-5E66-4EFF-B114-835512171214}.Release|Any CPU.ActiveCfg = Release|Any CPU
		{0E7ACF12-5E66-4EFF-B114-835512171214}.Release|Any CPU.Build.0 = Release|Any CPU
		{0E7ACF12-5E66-4EFF-B114-835512171214}.Release|x64.ActiveCfg = Release|Any CPU
		{0E7ACF12-5E66-4EFF-B114-835512171214}.Release|x64.Build.0 = Release|Any CPU
		{0E7ACF12-5E66-4EFF-B114-835512171214}.Release|x86.ActiveCfg = Release|Any CPU
		{0E7ACF12-5E66-4EFF-B114-835512171214}.Release|x86.Build.0 = Release|Any CPU
		{618BFF48-F91C-47F3-90CB-99AF637D0757}.Debug|Any CPU.ActiveCfg = Debug|Any CPU
		{618BFF48-F91C-47F3-90CB-99AF637D0757}.Debug|Any CPU.Build.0 = Debug|Any CPU
		{618BFF48-F91C-47F3-90CB-99AF637D0757}.Debug|x64.ActiveCfg = Debug|Any CPU
		{618BFF48-F91C-47F3-90CB-99AF637D0757}.Debug|x64.Build.0 = Debug|Any CPU
		{618BFF48-F91C-47F3-90CB-99AF637D0757}.Debug|x86.ActiveCfg = Debug|Any CPU
		{618BFF48-F91C-47F3-90CB-99AF637D0757}.Debug|x86.Build.0 = Debug|Any CPU
		{618BFF48-F91C-47F3-90CB-99AF637D0757}.Release|Any CPU.ActiveCfg = Release|Any CPU
		{618BFF48-F91C-47F3-90CB-99AF637D0757}.Release|Any CPU.Build.0 = Release|Any CPU
		{618BFF48-F91C-47F3-90CB-99AF637D0757}.Release|x64.ActiveCfg = Release|Any CPU
		{618BFF48-F91C-47F3-90CB-99AF637D0757}.Release|x64.Build.0 = Release|Any CPU
		{618BFF48-F91C-47F3-90CB-99AF637D0757}.Release|x86.ActiveCfg = Release|Any CPU
		{618BFF48-F91C-47F3-90CB-99AF637D0757}.Release|x86.Build.0 = Release|Any CPU
		{55D9F5E1-7DBE-4AD2-84AF-00533A51E62E}.Debug|Any CPU.ActiveCfg = Debug|Any CPU
		{55D9F5E1-7DBE-4AD2-84AF-00533A51E62E}.Debug|Any CPU.Build.0 = Debug|Any CPU
		{55D9F5E1-7DBE-4AD2-84AF-00533A51E62E}.Debug|x64.ActiveCfg = Debug|Any CPU
		{55D9F5E1-7DBE-4AD2-84AF-00533A51E62E}.Debug|x64.Build.0 = Debug|Any CPU
		{55D9F5E1-7DBE-4AD2-84AF-00533A51E62E}.Debug|x86.ActiveCfg = Debug|Any CPU
		{55D9F5E1-7DBE-4AD2-84AF-00533A51E62E}.Debug|x86.Build.0 = Debug|Any CPU
		{55D9F5E1-7DBE-4AD2-84AF-00533A51E62E}.Release|Any CPU.ActiveCfg = Release|Any CPU
		{55D9F5E1-7DBE-4AD2-84AF-00533A51E62E}.Release|Any CPU.Build.0 = Release|Any CPU
		{55D9F5E1-7DBE-4AD2-84AF-00533A51E62E}.Release|x64.ActiveCfg = Release|Any CPU
		{55D9F5E1-7DBE-4AD2-84AF-00533A51E62E}.Release|x64.Build.0 = Release|Any CPU
		{55D9F5E1-7DBE-4AD2-84AF-00533A51E62E}.Release|x86.ActiveCfg = Release|Any CPU
		{55D9F5E1-7DBE-4AD2-84AF-00533A51E62E}.Release|x86.Build.0 = Release|Any CPU
		{13EB3916-288E-4746-BF68-F2B3BB5018E4}.Debug|Any CPU.ActiveCfg = Debug|Any CPU
		{13EB3916-288E-4746-BF68-F2B3BB5018E4}.Debug|Any CPU.Build.0 = Debug|Any CPU
		{13EB3916-288E-4746-BF68-F2B3BB5018E4}.Debug|x64.ActiveCfg = Debug|Any CPU
		{13EB3916-288E-4746-BF68-F2B3BB5018E4}.Debug|x64.Build.0 = Debug|Any CPU
		{13EB3916-288E-4746-BF68-F2B3BB5018E4}.Debug|x86.ActiveCfg = Debug|Any CPU
		{13EB3916-288E-4746-BF68-F2B3BB5018E4}.Debug|x86.Build.0 = Debug|Any CPU
		{13EB3916-288E-4746-BF68-F2B3BB5018E4}.Release|Any CPU.ActiveCfg = Release|Any CPU
		{13EB3916-288E-4746-BF68-F2B3BB5018E4}.Release|Any CPU.Build.0 = Release|Any CPU
		{13EB3916-288E-4746-BF68-F2B3BB5018E4}.Release|x64.ActiveCfg = Release|Any CPU
		{13EB3916-288E-4746-BF68-F2B3BB5018E4}.Release|x64.Build.0 = Release|Any CPU
		{13EB3916-288E-4746-BF68-F2B3BB5018E4}.Release|x86.ActiveCfg = Release|Any CPU
		{13EB3916-288E-4746-BF68-F2B3BB5018E4}.Release|x86.Build.0 = Release|Any CPU
		{4B8AC913-92D3-4540-9E03-8D397313B58A}.Debug|Any CPU.ActiveCfg = Debug|Any CPU
		{4B8AC913-92D3-4540-9E03-8D397313B58A}.Debug|Any CPU.Build.0 = Debug|Any CPU
		{4B8AC913-92D3-4540-9E03-8D397313B58A}.Debug|x64.ActiveCfg = Debug|Any CPU
		{4B8AC913-92D3-4540-9E03-8D397313B58A}.Debug|x64.Build.0 = Debug|Any CPU
		{4B8AC913-92D3-4540-9E03-8D397313B58A}.Debug|x86.ActiveCfg = Debug|Any CPU
		{4B8AC913-92D3-4540-9E03-8D397313B58A}.Debug|x86.Build.0 = Debug|Any CPU
		{4B8AC913-92D3-4540-9E03-8D397313B58A}.Release|Any CPU.ActiveCfg = Release|Any CPU
		{4B8AC913-92D3-4540-9E03-8D397313B58A}.Release|Any CPU.Build.0 = Release|Any CPU
		{4B8AC913-92D3-4540-9E03-8D397313B58A}.Release|x64.ActiveCfg = Release|Any CPU
		{4B8AC913-92D3-4540-9E03-8D397313B58A}.Release|x64.Build.0 = Release|Any CPU
		{4B8AC913-92D3-4540-9E03-8D397313B58A}.Release|x86.ActiveCfg = Release|Any CPU
		{4B8AC913-92D3-4540-9E03-8D397313B58A}.Release|x86.Build.0 = Release|Any CPU
		{40FF940F-A7D8-4928-B3ED-942BA1EDF4E3}.Debug|Any CPU.ActiveCfg = Debug|Any CPU
		{40FF940F-A7D8-4928-B3ED-942BA1EDF4E3}.Debug|Any CPU.Build.0 = Debug|Any CPU
		{40FF940F-A7D8-4928-B3ED-942BA1EDF4E3}.Debug|x64.ActiveCfg = Debug|Any CPU
		{40FF940F-A7D8-4928-B3ED-942BA1EDF4E3}.Debug|x64.Build.0 = Debug|Any CPU
		{40FF940F-A7D8-4928-B3ED-942BA1EDF4E3}.Debug|x86.ActiveCfg = Debug|Any CPU
		{40FF940F-A7D8-4928-B3ED-942BA1EDF4E3}.Debug|x86.Build.0 = Debug|Any CPU
		{40FF940F-A7D8-4928-B3ED-942BA1EDF4E3}.Release|Any CPU.ActiveCfg = Release|Any CPU
		{40FF940F-A7D8-4928-B3ED-942BA1EDF4E3}.Release|Any CPU.Build.0 = Release|Any CPU
		{40FF940F-A7D8-4928-B3ED-942BA1EDF4E3}.Release|x64.ActiveCfg = Release|Any CPU
		{40FF940F-A7D8-4928-B3ED-942BA1EDF4E3}.Release|x64.Build.0 = Release|Any CPU
		{40FF940F-A7D8-4928-B3ED-942BA1EDF4E3}.Release|x86.ActiveCfg = Release|Any CPU
		{40FF940F-A7D8-4928-B3ED-942BA1EDF4E3}.Release|x86.Build.0 = Release|Any CPU
		{F2E32105-4792-460C-A198-DE3E01529F16}.Debug|Any CPU.ActiveCfg = Debug|Any CPU
		{F2E32105-4792-460C-A198-DE3E01529F16}.Debug|Any CPU.Build.0 = Debug|Any CPU
		{F2E32105-4792-460C-A198-DE3E01529F16}.Debug|x64.ActiveCfg = Debug|Any CPU
		{F2E32105-4792-460C-A198-DE3E01529F16}.Debug|x64.Build.0 = Debug|Any CPU
		{F2E32105-4792-460C-A198-DE3E01529F16}.Debug|x86.ActiveCfg = Debug|Any CPU
		{F2E32105-4792-460C-A198-DE3E01529F16}.Debug|x86.Build.0 = Debug|Any CPU
		{F2E32105-4792-460C-A198-DE3E01529F16}.Release|Any CPU.ActiveCfg = Release|Any CPU
		{F2E32105-4792-460C-A198-DE3E01529F16}.Release|Any CPU.Build.0 = Release|Any CPU
		{F2E32105-4792-460C-A198-DE3E01529F16}.Release|x64.ActiveCfg = Release|Any CPU
		{F2E32105-4792-460C-A198-DE3E01529F16}.Release|x64.Build.0 = Release|Any CPU
		{F2E32105-4792-460C-A198-DE3E01529F16}.Release|x86.ActiveCfg = Release|Any CPU
		{F2E32105-4792-460C-A198-DE3E01529F16}.Release|x86.Build.0 = Release|Any CPU
		{1EBB1EFC-7550-4D81-8A7A-53C74545576B}.Debug|Any CPU.ActiveCfg = Debug|Any CPU
		{1EBB1EFC-7550-4D81-8A7A-53C74545576B}.Debug|Any CPU.Build.0 = Debug|Any CPU
		{1EBB1EFC-7550-4D81-8A7A-53C74545576B}.Debug|x64.ActiveCfg = Debug|Any CPU
		{1EBB1EFC-7550-4D81-8A7A-53C74545576B}.Debug|x64.Build.0 = Debug|Any CPU
		{1EBB1EFC-7550-4D81-8A7A-53C74545576B}.Debug|x86.ActiveCfg = Debug|Any CPU
		{1EBB1EFC-7550-4D81-8A7A-53C74545576B}.Debug|x86.Build.0 = Debug|Any CPU
		{1EBB1EFC-7550-4D81-8A7A-53C74545576B}.Release|Any CPU.ActiveCfg = Release|Any CPU
		{1EBB1EFC-7550-4D81-8A7A-53C74545576B}.Release|Any CPU.Build.0 = Release|Any CPU
		{1EBB1EFC-7550-4D81-8A7A-53C74545576B}.Release|x64.ActiveCfg = Release|Any CPU
		{1EBB1EFC-7550-4D81-8A7A-53C74545576B}.Release|x64.Build.0 = Release|Any CPU
		{1EBB1EFC-7550-4D81-8A7A-53C74545576B}.Release|x86.ActiveCfg = Release|Any CPU
		{1EBB1EFC-7550-4D81-8A7A-53C74545576B}.Release|x86.Build.0 = Release|Any CPU
		{BDD73586-ED54-4F0C-8842-864697CD9D26}.Debug|Any CPU.ActiveCfg = Debug|Any CPU
		{BDD73586-ED54-4F0C-8842-864697CD9D26}.Debug|Any CPU.Build.0 = Debug|Any CPU
		{BDD73586-ED54-4F0C-8842-864697CD9D26}.Debug|x64.ActiveCfg = Debug|Any CPU
		{BDD73586-ED54-4F0C-8842-864697CD9D26}.Debug|x64.Build.0 = Debug|Any CPU
		{BDD73586-ED54-4F0C-8842-864697CD9D26}.Debug|x86.ActiveCfg = Debug|Any CPU
		{BDD73586-ED54-4F0C-8842-864697CD9D26}.Debug|x86.Build.0 = Debug|Any CPU
		{BDD73586-ED54-4F0C-8842-864697CD9D26}.Release|Any CPU.ActiveCfg = Release|Any CPU
		{BDD73586-ED54-4F0C-8842-864697CD9D26}.Release|Any CPU.Build.0 = Release|Any CPU
		{BDD73586-ED54-4F0C-8842-864697CD9D26}.Release|x64.ActiveCfg = Release|Any CPU
		{BDD73586-ED54-4F0C-8842-864697CD9D26}.Release|x64.Build.0 = Release|Any CPU
		{BDD73586-ED54-4F0C-8842-864697CD9D26}.Release|x86.ActiveCfg = Release|Any CPU
		{BDD73586-ED54-4F0C-8842-864697CD9D26}.Release|x86.Build.0 = Release|Any CPU
		{FBBE33C5-F94B-4336-9352-D322FE5DEC0F}.Debug|Any CPU.ActiveCfg = Debug|Any CPU
		{FBBE33C5-F94B-4336-9352-D322FE5DEC0F}.Debug|Any CPU.Build.0 = Debug|Any CPU
		{FBBE33C5-F94B-4336-9352-D322FE5DEC0F}.Debug|x64.ActiveCfg = Debug|Any CPU
		{FBBE33C5-F94B-4336-9352-D322FE5DEC0F}.Debug|x64.Build.0 = Debug|Any CPU
		{FBBE33C5-F94B-4336-9352-D322FE5DEC0F}.Debug|x86.ActiveCfg = Debug|Any CPU
		{FBBE33C5-F94B-4336-9352-D322FE5DEC0F}.Debug|x86.Build.0 = Debug|Any CPU
		{FBBE33C5-F94B-4336-9352-D322FE5DEC0F}.Release|Any CPU.ActiveCfg = Release|Any CPU
		{FBBE33C5-F94B-4336-9352-D322FE5DEC0F}.Release|Any CPU.Build.0 = Release|Any CPU
		{FBBE33C5-F94B-4336-9352-D322FE5DEC0F}.Release|x64.ActiveCfg = Release|Any CPU
		{FBBE33C5-F94B-4336-9352-D322FE5DEC0F}.Release|x64.Build.0 = Release|Any CPU
		{FBBE33C5-F94B-4336-9352-D322FE5DEC0F}.Release|x86.ActiveCfg = Release|Any CPU
		{FBBE33C5-F94B-4336-9352-D322FE5DEC0F}.Release|x86.Build.0 = Release|Any CPU
		{47182A8B-BC35-49CF-8322-DABB559B58A5}.Debug|Any CPU.ActiveCfg = Debug|Any CPU
		{47182A8B-BC35-49CF-8322-DABB559B58A5}.Debug|Any CPU.Build.0 = Debug|Any CPU
		{47182A8B-BC35-49CF-8322-DABB559B58A5}.Debug|x64.ActiveCfg = Debug|Any CPU
		{47182A8B-BC35-49CF-8322-DABB559B58A5}.Debug|x64.Build.0 = Debug|Any CPU
		{47182A8B-BC35-49CF-8322-DABB559B58A5}.Debug|x86.ActiveCfg = Debug|Any CPU
		{47182A8B-BC35-49CF-8322-DABB559B58A5}.Debug|x86.Build.0 = Debug|Any CPU
		{47182A8B-BC35-49CF-8322-DABB559B58A5}.Release|Any CPU.ActiveCfg = Release|Any CPU
		{47182A8B-BC35-49CF-8322-DABB559B58A5}.Release|Any CPU.Build.0 = Release|Any CPU
		{47182A8B-BC35-49CF-8322-DABB559B58A5}.Release|x64.ActiveCfg = Release|Any CPU
		{47182A8B-BC35-49CF-8322-DABB559B58A5}.Release|x64.Build.0 = Release|Any CPU
		{47182A8B-BC35-49CF-8322-DABB559B58A5}.Release|x86.ActiveCfg = Release|Any CPU
		{47182A8B-BC35-49CF-8322-DABB559B58A5}.Release|x86.Build.0 = Release|Any CPU
		{FA54AC53-B4CF-41C6-B67B-1E2FA2B0E5A9}.Debug|Any CPU.ActiveCfg = Debug|Any CPU
		{FA54AC53-B4CF-41C6-B67B-1E2FA2B0E5A9}.Debug|Any CPU.Build.0 = Debug|Any CPU
		{FA54AC53-B4CF-41C6-B67B-1E2FA2B0E5A9}.Debug|x64.ActiveCfg = Debug|Any CPU
		{FA54AC53-B4CF-41C6-B67B-1E2FA2B0E5A9}.Debug|x64.Build.0 = Debug|Any CPU
		{FA54AC53-B4CF-41C6-B67B-1E2FA2B0E5A9}.Debug|x86.ActiveCfg = Debug|Any CPU
		{FA54AC53-B4CF-41C6-B67B-1E2FA2B0E5A9}.Debug|x86.Build.0 = Debug|Any CPU
		{FA54AC53-B4CF-41C6-B67B-1E2FA2B0E5A9}.Release|Any CPU.ActiveCfg = Release|Any CPU
		{FA54AC53-B4CF-41C6-B67B-1E2FA2B0E5A9}.Release|Any CPU.Build.0 = Release|Any CPU
		{FA54AC53-B4CF-41C6-B67B-1E2FA2B0E5A9}.Release|x64.ActiveCfg = Release|Any CPU
		{FA54AC53-B4CF-41C6-B67B-1E2FA2B0E5A9}.Release|x64.Build.0 = Release|Any CPU
		{FA54AC53-B4CF-41C6-B67B-1E2FA2B0E5A9}.Release|x86.ActiveCfg = Release|Any CPU
		{FA54AC53-B4CF-41C6-B67B-1E2FA2B0E5A9}.Release|x86.Build.0 = Release|Any CPU
		{B91B2622-8E83-4CFD-9F8A-A5809BC070D3}.Debug|Any CPU.ActiveCfg = Debug|Any CPU
		{B91B2622-8E83-4CFD-9F8A-A5809BC070D3}.Debug|Any CPU.Build.0 = Debug|Any CPU
		{B91B2622-8E83-4CFD-9F8A-A5809BC070D3}.Debug|x64.ActiveCfg = Debug|Any CPU
		{B91B2622-8E83-4CFD-9F8A-A5809BC070D3}.Debug|x64.Build.0 = Debug|Any CPU
		{B91B2622-8E83-4CFD-9F8A-A5809BC070D3}.Debug|x86.ActiveCfg = Debug|Any CPU
		{B91B2622-8E83-4CFD-9F8A-A5809BC070D3}.Debug|x86.Build.0 = Debug|Any CPU
		{B91B2622-8E83-4CFD-9F8A-A5809BC070D3}.Release|Any CPU.ActiveCfg = Release|Any CPU
		{B91B2622-8E83-4CFD-9F8A-A5809BC070D3}.Release|Any CPU.Build.0 = Release|Any CPU
		{B91B2622-8E83-4CFD-9F8A-A5809BC070D3}.Release|x64.ActiveCfg = Release|Any CPU
		{B91B2622-8E83-4CFD-9F8A-A5809BC070D3}.Release|x64.Build.0 = Release|Any CPU
		{B91B2622-8E83-4CFD-9F8A-A5809BC070D3}.Release|x86.ActiveCfg = Release|Any CPU
		{B91B2622-8E83-4CFD-9F8A-A5809BC070D3}.Release|x86.Build.0 = Release|Any CPU
		{3F564B33-5D49-47AB-91CB-5AA987E691EE}.Debug|Any CPU.ActiveCfg = Debug|Any CPU
		{3F564B33-5D49-47AB-91CB-5AA987E691EE}.Debug|Any CPU.Build.0 = Debug|Any CPU
		{3F564B33-5D49-47AB-91CB-5AA987E691EE}.Debug|x64.ActiveCfg = Debug|Any CPU
		{3F564B33-5D49-47AB-91CB-5AA987E691EE}.Debug|x64.Build.0 = Debug|Any CPU
		{3F564B33-5D49-47AB-91CB-5AA987E691EE}.Debug|x86.ActiveCfg = Debug|Any CPU
		{3F564B33-5D49-47AB-91CB-5AA987E691EE}.Debug|x86.Build.0 = Debug|Any CPU
		{3F564B33-5D49-47AB-91CB-5AA987E691EE}.Release|Any CPU.ActiveCfg = Release|Any CPU
		{3F564B33-5D49-47AB-91CB-5AA987E691EE}.Release|Any CPU.Build.0 = Release|Any CPU
		{3F564B33-5D49-47AB-91CB-5AA987E691EE}.Release|x64.ActiveCfg = Release|Any CPU
		{3F564B33-5D49-47AB-91CB-5AA987E691EE}.Release|x64.Build.0 = Release|Any CPU
		{3F564B33-5D49-47AB-91CB-5AA987E691EE}.Release|x86.ActiveCfg = Release|Any CPU
		{3F564B33-5D49-47AB-91CB-5AA987E691EE}.Release|x86.Build.0 = Release|Any CPU
		{CCDF6F81-95B5-4941-B1AF-1359D80531DA}.Debug|Any CPU.ActiveCfg = Debug|Any CPU
		{CCDF6F81-95B5-4941-B1AF-1359D80531DA}.Debug|Any CPU.Build.0 = Debug|Any CPU
		{CCDF6F81-95B5-4941-B1AF-1359D80531DA}.Debug|x64.ActiveCfg = Debug|Any CPU
		{CCDF6F81-95B5-4941-B1AF-1359D80531DA}.Debug|x64.Build.0 = Debug|Any CPU
		{CCDF6F81-95B5-4941-B1AF-1359D80531DA}.Debug|x86.ActiveCfg = Debug|Any CPU
		{CCDF6F81-95B5-4941-B1AF-1359D80531DA}.Debug|x86.Build.0 = Debug|Any CPU
		{CCDF6F81-95B5-4941-B1AF-1359D80531DA}.Release|Any CPU.ActiveCfg = Release|Any CPU
		{CCDF6F81-95B5-4941-B1AF-1359D80531DA}.Release|Any CPU.Build.0 = Release|Any CPU
		{CCDF6F81-95B5-4941-B1AF-1359D80531DA}.Release|x64.ActiveCfg = Release|Any CPU
		{CCDF6F81-95B5-4941-B1AF-1359D80531DA}.Release|x64.Build.0 = Release|Any CPU
		{CCDF6F81-95B5-4941-B1AF-1359D80531DA}.Release|x86.ActiveCfg = Release|Any CPU
		{CCDF6F81-95B5-4941-B1AF-1359D80531DA}.Release|x86.Build.0 = Release|Any CPU
		{7B2952D4-1EF2-4BCD-A452-E03A4C5616FB}.Debug|Any CPU.ActiveCfg = Debug|Any CPU
		{7B2952D4-1EF2-4BCD-A452-E03A4C5616FB}.Debug|Any CPU.Build.0 = Debug|Any CPU
		{7B2952D4-1EF2-4BCD-A452-E03A4C5616FB}.Debug|x64.ActiveCfg = Debug|Any CPU
		{7B2952D4-1EF2-4BCD-A452-E03A4C5616FB}.Debug|x64.Build.0 = Debug|Any CPU
		{7B2952D4-1EF2-4BCD-A452-E03A4C5616FB}.Debug|x86.ActiveCfg = Debug|Any CPU
		{7B2952D4-1EF2-4BCD-A452-E03A4C5616FB}.Debug|x86.Build.0 = Debug|Any CPU
		{7B2952D4-1EF2-4BCD-A452-E03A4C5616FB}.Release|Any CPU.ActiveCfg = Release|Any CPU
		{7B2952D4-1EF2-4BCD-A452-E03A4C5616FB}.Release|Any CPU.Build.0 = Release|Any CPU
		{7B2952D4-1EF2-4BCD-A452-E03A4C5616FB}.Release|x64.ActiveCfg = Release|Any CPU
		{7B2952D4-1EF2-4BCD-A452-E03A4C5616FB}.Release|x64.Build.0 = Release|Any CPU
		{7B2952D4-1EF2-4BCD-A452-E03A4C5616FB}.Release|x86.ActiveCfg = Release|Any CPU
		{7B2952D4-1EF2-4BCD-A452-E03A4C5616FB}.Release|x86.Build.0 = Release|Any CPU
		{82A080E6-2708-47D2-8973-60D2BE64BFE6}.Debug|Any CPU.ActiveCfg = Debug|Any CPU
		{82A080E6-2708-47D2-8973-60D2BE64BFE6}.Debug|Any CPU.Build.0 = Debug|Any CPU
		{82A080E6-2708-47D2-8973-60D2BE64BFE6}.Debug|x64.ActiveCfg = Debug|Any CPU
		{82A080E6-2708-47D2-8973-60D2BE64BFE6}.Debug|x64.Build.0 = Debug|Any CPU
		{82A080E6-2708-47D2-8973-60D2BE64BFE6}.Debug|x86.ActiveCfg = Debug|Any CPU
		{82A080E6-2708-47D2-8973-60D2BE64BFE6}.Debug|x86.Build.0 = Debug|Any CPU
		{82A080E6-2708-47D2-8973-60D2BE64BFE6}.Release|Any CPU.ActiveCfg = Release|Any CPU
		{82A080E6-2708-47D2-8973-60D2BE64BFE6}.Release|Any CPU.Build.0 = Release|Any CPU
		{82A080E6-2708-47D2-8973-60D2BE64BFE6}.Release|x64.ActiveCfg = Release|Any CPU
		{82A080E6-2708-47D2-8973-60D2BE64BFE6}.Release|x64.Build.0 = Release|Any CPU
		{82A080E6-2708-47D2-8973-60D2BE64BFE6}.Release|x86.ActiveCfg = Release|Any CPU
		{82A080E6-2708-47D2-8973-60D2BE64BFE6}.Release|x86.Build.0 = Release|Any CPU
		{0F5C2583-D9C6-45A7-B868-0E4E773F33F3}.Debug|Any CPU.ActiveCfg = Debug|Any CPU
		{0F5C2583-D9C6-45A7-B868-0E4E773F33F3}.Debug|Any CPU.Build.0 = Debug|Any CPU
		{0F5C2583-D9C6-45A7-B868-0E4E773F33F3}.Debug|x64.ActiveCfg = Debug|Any CPU
		{0F5C2583-D9C6-45A7-B868-0E4E773F33F3}.Debug|x64.Build.0 = Debug|Any CPU
		{0F5C2583-D9C6-45A7-B868-0E4E773F33F3}.Debug|x86.ActiveCfg = Debug|Any CPU
		{0F5C2583-D9C6-45A7-B868-0E4E773F33F3}.Debug|x86.Build.0 = Debug|Any CPU
		{0F5C2583-D9C6-45A7-B868-0E4E773F33F3}.Release|Any CPU.ActiveCfg = Release|Any CPU
		{0F5C2583-D9C6-45A7-B868-0E4E773F33F3}.Release|Any CPU.Build.0 = Release|Any CPU
		{0F5C2583-D9C6-45A7-B868-0E4E773F33F3}.Release|x64.ActiveCfg = Release|Any CPU
		{0F5C2583-D9C6-45A7-B868-0E4E773F33F3}.Release|x64.Build.0 = Release|Any CPU
		{0F5C2583-D9C6-45A7-B868-0E4E773F33F3}.Release|x86.ActiveCfg = Release|Any CPU
		{0F5C2583-D9C6-45A7-B868-0E4E773F33F3}.Release|x86.Build.0 = Release|Any CPU
		{B5E3C5E2-121C-4869-8435-8A044EC347B0}.Debug|Any CPU.ActiveCfg = Debug|Any CPU
		{B5E3C5E2-121C-4869-8435-8A044EC347B0}.Debug|Any CPU.Build.0 = Debug|Any CPU
		{B5E3C5E2-121C-4869-8435-8A044EC347B0}.Debug|x64.ActiveCfg = Debug|Any CPU
		{B5E3C5E2-121C-4869-8435-8A044EC347B0}.Debug|x64.Build.0 = Debug|Any CPU
		{B5E3C5E2-121C-4869-8435-8A044EC347B0}.Debug|x86.ActiveCfg = Debug|Any CPU
		{B5E3C5E2-121C-4869-8435-8A044EC347B0}.Debug|x86.Build.0 = Debug|Any CPU
		{B5E3C5E2-121C-4869-8435-8A044EC347B0}.Release|Any CPU.ActiveCfg = Release|Any CPU
		{B5E3C5E2-121C-4869-8435-8A044EC347B0}.Release|Any CPU.Build.0 = Release|Any CPU
		{B5E3C5E2-121C-4869-8435-8A044EC347B0}.Release|x64.ActiveCfg = Release|Any CPU
		{B5E3C5E2-121C-4869-8435-8A044EC347B0}.Release|x64.Build.0 = Release|Any CPU
		{B5E3C5E2-121C-4869-8435-8A044EC347B0}.Release|x86.ActiveCfg = Release|Any CPU
		{B5E3C5E2-121C-4869-8435-8A044EC347B0}.Release|x86.Build.0 = Release|Any CPU
		{9C2EE0E6-DD03-4568-8D4A-43FE2371FD0B}.Debug|Any CPU.ActiveCfg = Debug|Any CPU
		{9C2EE0E6-DD03-4568-8D4A-43FE2371FD0B}.Debug|Any CPU.Build.0 = Debug|Any CPU
		{9C2EE0E6-DD03-4568-8D4A-43FE2371FD0B}.Debug|x64.ActiveCfg = Debug|Any CPU
		{9C2EE0E6-DD03-4568-8D4A-43FE2371FD0B}.Debug|x64.Build.0 = Debug|Any CPU
		{9C2EE0E6-DD03-4568-8D4A-43FE2371FD0B}.Debug|x86.ActiveCfg = Debug|Any CPU
		{9C2EE0E6-DD03-4568-8D4A-43FE2371FD0B}.Debug|x86.Build.0 = Debug|Any CPU
		{9C2EE0E6-DD03-4568-8D4A-43FE2371FD0B}.Release|Any CPU.ActiveCfg = Release|Any CPU
		{9C2EE0E6-DD03-4568-8D4A-43FE2371FD0B}.Release|Any CPU.Build.0 = Release|Any CPU
		{9C2EE0E6-DD03-4568-8D4A-43FE2371FD0B}.Release|x64.ActiveCfg = Release|Any CPU
		{9C2EE0E6-DD03-4568-8D4A-43FE2371FD0B}.Release|x64.Build.0 = Release|Any CPU
		{9C2EE0E6-DD03-4568-8D4A-43FE2371FD0B}.Release|x86.ActiveCfg = Release|Any CPU
		{9C2EE0E6-DD03-4568-8D4A-43FE2371FD0B}.Release|x86.Build.0 = Release|Any CPU
		{127BD56E-993B-47A7-BC0A-2300DF53FADC}.Debug|Any CPU.ActiveCfg = Debug|Any CPU
		{127BD56E-993B-47A7-BC0A-2300DF53FADC}.Debug|Any CPU.Build.0 = Debug|Any CPU
		{127BD56E-993B-47A7-BC0A-2300DF53FADC}.Debug|x64.ActiveCfg = Debug|Any CPU
		{127BD56E-993B-47A7-BC0A-2300DF53FADC}.Debug|x64.Build.0 = Debug|Any CPU
		{127BD56E-993B-47A7-BC0A-2300DF53FADC}.Debug|x86.ActiveCfg = Debug|Any CPU
		{127BD56E-993B-47A7-BC0A-2300DF53FADC}.Debug|x86.Build.0 = Debug|Any CPU
		{127BD56E-993B-47A7-BC0A-2300DF53FADC}.Release|Any CPU.ActiveCfg = Release|Any CPU
		{127BD56E-993B-47A7-BC0A-2300DF53FADC}.Release|Any CPU.Build.0 = Release|Any CPU
		{127BD56E-993B-47A7-BC0A-2300DF53FADC}.Release|x64.ActiveCfg = Release|Any CPU
		{127BD56E-993B-47A7-BC0A-2300DF53FADC}.Release|x64.Build.0 = Release|Any CPU
		{127BD56E-993B-47A7-BC0A-2300DF53FADC}.Release|x86.ActiveCfg = Release|Any CPU
		{127BD56E-993B-47A7-BC0A-2300DF53FADC}.Release|x86.Build.0 = Release|Any CPU
		{499B0522-A7CE-4788-9166-1AFFBF506F68}.Debug|Any CPU.ActiveCfg = Debug|Any CPU
		{499B0522-A7CE-4788-9166-1AFFBF506F68}.Debug|Any CPU.Build.0 = Debug|Any CPU
		{499B0522-A7CE-4788-9166-1AFFBF506F68}.Debug|x64.ActiveCfg = Debug|Any CPU
		{499B0522-A7CE-4788-9166-1AFFBF506F68}.Debug|x64.Build.0 = Debug|Any CPU
		{499B0522-A7CE-4788-9166-1AFFBF506F68}.Debug|x86.ActiveCfg = Debug|Any CPU
		{499B0522-A7CE-4788-9166-1AFFBF506F68}.Debug|x86.Build.0 = Debug|Any CPU
		{499B0522-A7CE-4788-9166-1AFFBF506F68}.Release|Any CPU.ActiveCfg = Release|Any CPU
		{499B0522-A7CE-4788-9166-1AFFBF506F68}.Release|Any CPU.Build.0 = Release|Any CPU
		{499B0522-A7CE-4788-9166-1AFFBF506F68}.Release|x64.ActiveCfg = Release|Any CPU
		{499B0522-A7CE-4788-9166-1AFFBF506F68}.Release|x64.Build.0 = Release|Any CPU
		{499B0522-A7CE-4788-9166-1AFFBF506F68}.Release|x86.ActiveCfg = Release|Any CPU
		{499B0522-A7CE-4788-9166-1AFFBF506F68}.Release|x86.Build.0 = Release|Any CPU
	EndGlobalSection
	GlobalSection(SolutionProperties) = preSolution
		HideSolutionNode = FALSE
	EndGlobalSection
	GlobalSection(NestedProjects) = preSolution
		{EC62ACF4-8B19-41C2-B699-D75CAB7763DF} = {995FCFF9-E5F6-4BDD-8E5B-FBDEA21145F9}
		{81C74B7C-B9E3-4F01-9C39-6894E81B193A} = {995FCFF9-E5F6-4BDD-8E5B-FBDEA21145F9}
		{73F095D2-D0BD-4D03-BC17-D7A5EF0C0191} = {995FCFF9-E5F6-4BDD-8E5B-FBDEA21145F9}
		{75A5E20D-37CD-49DA-BD74-1F730C353517} = {995FCFF9-E5F6-4BDD-8E5B-FBDEA21145F9}
		{716F7F93-BC1D-4B2C-BF1C-20051CAF7BB7} = {995FCFF9-E5F6-4BDD-8E5B-FBDEA21145F9}
		{FFE0CFA5-ADCB-4E63-9B2D-DBC48A3C8364} = {995FCFF9-E5F6-4BDD-8E5B-FBDEA21145F9}
		{0748A92D-3AC6-4406-B09C-0BF07A030DD5} = {995FCFF9-E5F6-4BDD-8E5B-FBDEA21145F9}
		{174DC3AC-F883-4B85-BE90-EA5B7BB01961} = {C2EB60CC-CA5A-4E49-A3F8-4432FB117869}
		{01457A29-0D92-45A3-A37A-A6381E766D67} = {EF444B27-3CBA-4581-893A-7F6DB5527371}
		{8520802B-DCBB-42DE-866C-C7F533129071} = {EF444B27-3CBA-4581-893A-7F6DB5527371}
		{6B2BF265-7141-40E2-9BEC-DAFB9547B942} = {EF444B27-3CBA-4581-893A-7F6DB5527371}
		{17D18F38-2030-46BE-8C5A-48607A6E69AA} = {EF444B27-3CBA-4581-893A-7F6DB5527371}
		{FA7BA2F5-47DA-418F-B29F-458714F44C89} = {EF444B27-3CBA-4581-893A-7F6DB5527371}
		{13B1DC5E-AD37-4958-B22D-FAE26F6D4058} = {EF444B27-3CBA-4581-893A-7F6DB5527371}
		{80EE0663-7860-4756-8A0E-6A5B6FA5E546} = {EF444B27-3CBA-4581-893A-7F6DB5527371}
		{6FD9CE9A-C398-4B30-8DDF-AA9EFC20260E} = {995FCFF9-E5F6-4BDD-8E5B-FBDEA21145F9}
		{0E7ACF12-5E66-4EFF-B114-835512171214} = {995FCFF9-E5F6-4BDD-8E5B-FBDEA21145F9}
		{3B18E572-1B3C-440F-9C34-A95080CF8D0D} = {EF444B27-3CBA-4581-893A-7F6DB5527371}
		{662D547D-7365-4E86-8515-E8AE33316D84} = {EF444B27-3CBA-4581-893A-7F6DB5527371}
		{618BFF48-F91C-47F3-90CB-99AF637D0757} = {995FCFF9-E5F6-4BDD-8E5B-FBDEA21145F9}
		{5FF28F83-EB16-41C0-8B47-94BD0918A2DF} = {EF444B27-3CBA-4581-893A-7F6DB5527371}
		{0060F62B-7E63-4A2F-919F-2188EBE8BAA5} = {EF444B27-3CBA-4581-893A-7F6DB5527371}
		{4B8AC913-92D3-4540-9E03-8D397313B58A} = {995FCFF9-E5F6-4BDD-8E5B-FBDEA21145F9}
		{A9BDD13F-8E19-459E-BE3F-4484AE699265} = {995FCFF9-E5F6-4BDD-8E5B-FBDEA21145F9}
		{056F8716-EC43-4A25-AAC0-D0EE0AEE0FF8} = {A9BDD13F-8E19-459E-BE3F-4484AE699265}
		{40FF940F-A7D8-4928-B3ED-942BA1EDF4E3} = {056F8716-EC43-4A25-AAC0-D0EE0AEE0FF8}
		{283D8E37-3F74-4728-A3D0-09D5D0D31220} = {A9BDD13F-8E19-459E-BE3F-4484AE699265}
		{F2E32105-4792-460C-A198-DE3E01529F16} = {283D8E37-3F74-4728-A3D0-09D5D0D31220}
		{1EBB1EFC-7550-4D81-8A7A-53C74545576B} = {995FCFF9-E5F6-4BDD-8E5B-FBDEA21145F9}
		{2F523E47-8703-4F53-BEFF-833872482C2A} = {EF444B27-3CBA-4581-893A-7F6DB5527371}
		{BDD73586-ED54-4F0C-8842-864697CD9D26} = {995FCFF9-E5F6-4BDD-8E5B-FBDEA21145F9}
		{165508DE-D568-4403-8B58-3AB9F9770DF0} = {EF444B27-3CBA-4581-893A-7F6DB5527371}
		{39985004-8041-41FC-BBB1-CCF999D7BC16} = {995FCFF9-E5F6-4BDD-8E5B-FBDEA21145F9}
		{FBBE33C5-F94B-4336-9352-D322FE5DEC0F} = {39985004-8041-41FC-BBB1-CCF999D7BC16}
		{47182A8B-BC35-49CF-8322-DABB559B58A5} = {39985004-8041-41FC-BBB1-CCF999D7BC16}
		{FA54AC53-B4CF-41C6-B67B-1E2FA2B0E5A9} = {39985004-8041-41FC-BBB1-CCF999D7BC16}
		{B91B2622-8E83-4CFD-9F8A-A5809BC070D3} = {39985004-8041-41FC-BBB1-CCF999D7BC16}
		{3F564B33-5D49-47AB-91CB-5AA987E691EE} = {39985004-8041-41FC-BBB1-CCF999D7BC16}
		{E5BFE89B-7D77-47A5-8666-71B7CE8EA308} = {A9BDD13F-8E19-459E-BE3F-4484AE699265}
		{CCDF6F81-95B5-4941-B1AF-1359D80531DA} = {E5BFE89B-7D77-47A5-8666-71B7CE8EA308}
		{7B2952D4-1EF2-4BCD-A452-E03A4C5616FB} = {39985004-8041-41FC-BBB1-CCF999D7BC16}
		{82A080E6-2708-47D2-8973-60D2BE64BFE6} = {39985004-8041-41FC-BBB1-CCF999D7BC16}
		{6C649972-F0F4-4310-A10F-605D7F3B7932} = {EF444B27-3CBA-4581-893A-7F6DB5527371}
		{1C3E1C7F-972A-4FF0-85CC-FE44010FFF44} = {A9BDD13F-8E19-459E-BE3F-4484AE699265}
		{0F5C2583-D9C6-45A7-B868-0E4E773F33F3} = {1C3E1C7F-972A-4FF0-85CC-FE44010FFF44}
		{13D935DC-E6B4-4CE1-AF75-CE82CB245C14} = {A9BDD13F-8E19-459E-BE3F-4484AE699265}
		{B5E3C5E2-121C-4869-8435-8A044EC347B0} = {13D935DC-E6B4-4CE1-AF75-CE82CB245C14}
		{9C2EE0E6-DD03-4568-8D4A-43FE2371FD0B} = {39985004-8041-41FC-BBB1-CCF999D7BC16}
		{127BD56E-993B-47A7-BC0A-2300DF53FADC} = {39985004-8041-41FC-BBB1-CCF999D7BC16}
		{499B0522-A7CE-4788-9166-1AFFBF506F68} = {995FCFF9-E5F6-4BDD-8E5B-FBDEA21145F9}
	EndGlobalSection
	GlobalSection(ExtensibilityGlobals) = postSolution
		SolutionGuid = {C48AD7EE-82B1-4307-A869-3FC14AC9B21F}
	EndGlobalSection
EndGlobal
