
Microsoft Visual Studio Solution File, Format Version 12.00
# Visual Studio Version 17
VisualStudioVersion = 17.5.002.0
MinimumVisualStudioVersion = 10.0.40219.1
Project("{9A19103F-16F7-4668-BE54-9A1E7A4F7556}") = "Benchmarks", "Benchmarks.csproj", "{4FAE6DBC-837C-45DB-BA03-E76D77068EFA}"
EndProject
Global
	GlobalSection(SolutionConfigurationPlatforms) = preSolution
		Debug|Any CPU = Debug|Any CPU
		Release|Any CPU = Release|Any CPU
	EndGlobalSection
	GlobalSection(ProjectConfigurationPlatforms) = postSolution
		{4FAE6DBC-837C-45DB-BA03-E76D77068EFA}.Debug|Any CPU.ActiveCfg = Debug|Any CPU
		{4FAE6DBC-837C-45DB-BA03-E76D77068EFA}.Debug|Any CPU.Build.0 = Debug|Any CPU
		{4FAE6DBC-837C-45DB-BA03-E76D77068EFA}.Release|Any CPU.ActiveCfg = Release|Any CPU
		{4FAE6DBC-837C-45DB-BA03-E76D77068EFA}.Release|Any CPU.Build.0 = Release|Any CPU
	EndGlobalSection
	GlobalSection(SolutionProperties) = preSolution
		HideSolutionNode = FALSE
	EndGlobalSection
	GlobalSection(ExtensibilityGlobals) = postSolution
		SolutionGuid = {D0EA6ECE-76EB-40B0-A6B7-F9C50B078D55}
	EndGlobalSection
EndGlobal
