
Microsoft Visual Studio Solution File, Format Version 12.00
# Visual Studio Version 16
VisualStudioVersion = 16.0.29721.120
MinimumVisualStudioVersion = 10.0.40219.1
Project("{FAE04EC0-301F-11D3-BF4B-00C04F79EFBC}") = "Server", "Server\Server.csproj", "{1016E602-AAEB-471C-90CD-F39B98C43D02}"
EndProject
Global
	GlobalSection(SolutionConfigurationPlatforms) = preSolution
		Debug|Any CPU = Debug|Any CPU
		Release|Any CPU = Release|Any CPU
	EndGlobalSection
	GlobalSection(ProjectConfigurationPlatforms) = postSolution
		{1016E602-AAEB-471C-90CD-F39B98C43D02}.Debug|Any CPU.ActiveCfg = Debug|Any CPU
		{1016E602-AAEB-471C-90CD-F39B98C43D02}.Debug|Any CPU.Build.0 = Debug|Any CPU
		{1016E602-AAEB-471C-90CD-F39B98C43D02}.Release|Any CPU.ActiveCfg = Release|Any CPU
		{1016E602-AAEB-471C-90CD-F39B98C43D02}.Release|Any CPU.Build.0 = Release|Any CPU
	EndGlobalSection
	GlobalSection(SolutionProperties) = preSolution
		HideSolutionNode = FALSE
	EndGlobalSection
	GlobalSection(ExtensibilityGlobals) = postSolution
		SolutionGuid = {7CA7E7C5-B72F-43E6-9395-7B0579732B0D}
	EndGlobalSection
EndGlobal
