
Microsoft Visual Studio Solution File, Format Version 12.00
# Visual Studio Version 17
VisualStudioVersion = 17.9.34215.31
MinimumVisualStudioVersion = 10.0.40219.1
Project("{9A19103F-16F7-4668-BE54-9A1E7A4F7556}") = "SocketBenchmarks.Servers.Basic", "Servers\Basic\SocketBenchmarks.Servers.Basic.csproj", "{5201A91E-4A18-45E8-BEA5-62163B5D9661}"
EndProject
Project("{9A19103F-16F7-4668-BE54-9A1E7A4F7556}") = "SocketBenchmarks.Clients.Basic", "Clients\Basic\SocketBenchmarks.Clients.Basic.csproj", "{F104A01F-76FA-4B0A-BBE4-B8369F6410B8}"
EndProject
Project("{2150E333-8FDC-42A3-9474-1A3956D46DE8}") = "Servers", "Servers", "{79C80D8D-9C67-4DE3-BDA9-728EDCC2A3E8}"
EndProject
Project("{2150E333-8FDC-42A3-9474-1A3956D46DE8}") = "Clients", "Clients", "{38D3FDC2-4E54-423E-9F5F-2FB6003FFB9E}"
EndProject
Global
	GlobalSection(SolutionConfigurationPlatforms) = preSolution
		Debug_Database|Any CPU = Debug_Database|Any CPU
		Debug|Any CPU = Debug|Any CPU
		Release_Database|Any CPU = Release_Database|Any CPU
		Release|Any CPU = Release|Any CPU
	EndGlobalSection
	GlobalSection(ProjectConfigurationPlatforms) = postSolution
		{5201A91E-4A18-45E8-BEA5-62163B5D9661}.Debug_Database|Any CPU.ActiveCfg = Debug_Database|Any CPU
		{5201A91E-4A18-45E8-BEA5-62163B5D9661}.Debug_Database|Any CPU.Build.0 = Debug_Database|Any CPU
		{5201A91E-4A18-45E8-BEA5-62163B5D9661}.Debug|Any CPU.ActiveCfg = Debug|Any CPU
		{5201A91E-4A18-45E8-BEA5-62163B5D9661}.Debug|Any CPU.Build.0 = Debug|Any CPU
		{5201A91E-4A18-45E8-BEA5-62163B5D9661}.Release_Database|Any CPU.ActiveCfg = Release_Database|Any CPU
		{5201A91E-4A18-45E8-BEA5-62163B5D9661}.Release_Database|Any CPU.Build.0 = Release_Database|Any CPU
		{5201A91E-4A18-45E8-BEA5-62163B5D9661}.Release|Any CPU.ActiveCfg = Release|Any CPU
		{5201A91E-4A18-45E8-BEA5-62163B5D9661}.Release|Any CPU.Build.0 = Release|Any CPU
		{F104A01F-76FA-4B0A-BBE4-B8369F6410B8}.Debug_Database|Any CPU.ActiveCfg = Debug_Database|Any CPU
		{F104A01F-76FA-4B0A-BBE4-B8369F6410B8}.Debug_Database|Any CPU.Build.0 = Debug_Database|Any CPU
		{F104A01F-76FA-4B0A-BBE4-B8369F6410B8}.Debug|Any CPU.ActiveCfg = Debug|Any CPU
		{F104A01F-76FA-4B0A-BBE4-B8369F6410B8}.Debug|Any CPU.Build.0 = Debug|Any CPU
		{F104A01F-76FA-4B0A-BBE4-B8369F6410B8}.Release_Database|Any CPU.ActiveCfg = Release_Database|Any CPU
		{F104A01F-76FA-4B0A-BBE4-B8369F6410B8}.Release_Database|Any CPU.Build.0 = Release_Database|Any CPU
		{F104A01F-76FA-4B0A-BBE4-B8369F6410B8}.Release|Any CPU.ActiveCfg = Release|Any CPU
		{F104A01F-76FA-4B0A-BBE4-B8369F6410B8}.Release|Any CPU.Build.0 = Release|Any CPU
	EndGlobalSection
	GlobalSection(SolutionProperties) = preSolution
		HideSolutionNode = FALSE
	EndGlobalSection
	GlobalSection(NestedProjects) = preSolution
		{5201A91E-4A18-45E8-BEA5-62163B5D9661} = {79C80D8D-9C67-4DE3-BDA9-728EDCC2A3E8}
		{F104A01F-76FA-4B0A-BBE4-B8369F6410B8} = {38D3FDC2-4E54-423E-9F5F-2FB6003FFB9E}
	EndGlobalSection
	GlobalSection(ExtensibilityGlobals) = postSolution
		SolutionGuid = {86C65F4F-D40B-4CCE-8E05-0494CD6E982C}
	EndGlobalSection
EndGlobal
