
Microsoft Visual Studio Solution File, Format Version 12.00
# Visual Studio Version 17
VisualStudioVersion = 17.6.33416.333
MinimumVisualStudioVersion = 10.0.40219.1
Project("{9A19103F-16F7-4668-BE54-9A1E7A4F7556}") = "BasicMinimalApi", "BenchmarksApps\BasicMinimalApi\BasicMinimalApi.csproj", "{D13E5EF8-8DA6-4904-891D-1A8D8AAC04DD}"
EndProject
Project("{9A19103F-16F7-4668-BE54-9A1E7A4F7556}") = "HelloWorldMiddleware", "BenchmarksApps\HelloWorldMiddleware\HelloWorldMiddleware.csproj", "{48EDA7B2-BFBF-4634-BA8B-81608F78D93C}"
EndProject
Project("{9A19103F-16F7-4668-BE54-9A1E7A4F7556}") = "HelloWorldMvc", "BenchmarksApps\HelloWorldMvc\HelloWorldMvc.csproj", "{23CDC3E1-C073-4D8C-92D6-425E181CD5E3}"
EndProject
Project("{9A19103F-16F7-4668-BE54-9A1E7A4F7556}") = "MapAction", "BenchmarksApps\MapAction\MapAction.csproj", "{58029BDE-4A26-4819-8776-A1B1B6075C51}"
EndProject
Project("{9A19103F-16F7-4668-BE54-9A1E7A4F7556}") = "Mvc", "BenchmarksApps\Mvc\Mvc.csproj", "{34448A4F-80AC-4795-B644-BED3227A0086}"
EndProject
Project("{9A19103F-16F7-4668-BE54-9A1E7A4F7556}") = "StaticFiles", "BenchmarksApps\StaticFiles\StaticFiles.csproj", "{EB296FAF-53D2-4E93-B6E5-C679FD3AE73D}"
EndProject
Project("{9A19103F-16F7-4668-BE54-9A1E7A4F7556}") = "DistributedCache", "BenchmarksApps\DistributedCache\DistributedCache.csproj", "{AB0D447E-476F-4482-A844-BC2654C308F5}"
EndProject
Project("{2150E333-8FDC-42A3-9474-1A3956D46DE8}") = "Grpc", "Grpc", "{D8A014FB-3C99-4831-9FFB-F4A89A48D8BD}"
EndProject
Project("{9A19103F-16F7-4668-BE54-9A1E7A4F7556}") = "BasicGrpc", "BenchmarksApps\Grpc\BasicGrpc\BasicGrpc.csproj", "{8DF3A6BB-E8C5-4FAA-839A-D185C9F93CD5}"
EndProject
Project("{2150E333-8FDC-42A3-9474-1A3956D46DE8}") = "GrpcHttpApiServer", "GrpcHttpApiServer", "{9E4AF835-2A78-4012-B0B5-9DA41ACDC716}"
EndProject
Project("{9A19103F-16F7-4668-BE54-9A1E7A4F7556}") = "Server", "BenchmarksApps\Grpc\GrpcHttpApiServer\Server\Server.csproj", "{20757830-EA66-4962-BDBB-A101A2062A2C}"
EndProject
Project("{2150E333-8FDC-42A3-9474-1A3956D46DE8}") = "TechEmpower", "TechEmpower", "{B6DB234C-8F80-4160-B95D-D70AFC444A3D}"
EndProject
Project("{9A19103F-16F7-4668-BE54-9A1E7A4F7556}") = "Minimal", "BenchmarksApps\TechEmpower\Minimal\Minimal.csproj", "{07C0B18B-9738-4349-A8DF-3E88D3DF90AE}"
EndProject
Project("{9A19103F-16F7-4668-BE54-9A1E7A4F7556}") = "Mvc", "BenchmarksApps\TechEmpower\Mvc\Mvc.csproj", "{E68B58F8-40EA-49EA-A126-0B67F2BE7343}"
EndProject
Project("{9A19103F-16F7-4668-BE54-9A1E7A4F7556}") = "PlatformBenchmarks", "BenchmarksApps\TechEmpower\PlatformBenchmarks\PlatformBenchmarks.csproj", "{ACA43671-AD28-4F72-AAAB-6C32B388C2F0}"
EndProject
Project("{2150E333-8FDC-42A3-9474-1A3956D46DE8}") = "Solution Items", "Solution Items", "{689C58F6-8DF0-4565-887F-C9A9BDA757D8}"
	ProjectSection(SolutionItems) = preProject
		..\build\dependencies.props = ..\build\dependencies.props
		Directory.Build.props = Directory.Build.props
		Directory.Build.targets = Directory.Build.targets
	EndProjectSection
EndProject
Project("{9A19103F-16F7-4668-BE54-9A1E7A4F7556}") = "BuildPerformance", "BenchmarksApps\BuildPerformance\BuildPerformance.csproj", "{2E953AFB-4900-4B5D-9E78-819E950CD365}"
EndProject
Project("{2150E333-8FDC-42A3-9474-1A3956D46DE8}") = "SignalR", "SignalR", "{398A40DA-FE1D-4B4D-A580-A33E29885553}"
EndProject
Project("{9A19103F-16F7-4668-BE54-9A1E7A4F7556}") = "BenchmarkServer", "BenchmarksApps\SignalR\BenchmarkServer.csproj", "{D8F11F87-823F-4864-926D-5F66448A5C13}"
EndProject
Project("{2150E333-8FDC-42A3-9474-1A3956D46DE8}") = "Websocket", "Websocket", "{6A69DE6C-07A6-4ABE-A4D2-0F983A33BBF8}"
EndProject
Project("{9A19103F-16F7-4668-BE54-9A1E7A4F7556}") = "BenchmarkServer", "BenchmarksApps\Websocket\BenchmarkServer.csproj", "{3D2573DE-CE7A-4CB8-A980-8C8636EE059E}"
EndProject
Project("{9A19103F-16F7-4668-BE54-9A1E7A4F7556}") = "TcpEcho", "BenchmarksApps\TcpEcho\TcpEcho.csproj", "{436118C1-B9A7-4966-86AB-6F2477B6B201}"
EndProject
Project("{9A19103F-16F7-4668-BE54-9A1E7A4F7556}") = "TodosApi", "BenchmarksApps\TodosApi\TodosApi.csproj", "{8E1A1F61-43E4-4629-A25B-7E5FA82697D0}"
EndProject
Project("{9A19103F-16F7-4668-BE54-9A1E7A4F7556}") = "RazorPages", "BenchmarksApps\TechEmpower\RazorPages\RazorPages.csproj", "{31B61CD7-4CF6-464F-B418-04C700A17CB9}"
EndProject
Project("{9A19103F-16F7-4668-BE54-9A1E7A4F7556}") = "BlazorSSR", "BenchmarksApps\TechEmpower\BlazorSSR\BlazorSSR.csproj", "{D6616E03-A2DA-4929-AD28-595ECC4C004D}"
EndProject
Project("{9A19103F-16F7-4668-BE54-9A1E7A4F7556}") = "Benchmarks", "Benchmarks\Benchmarks.csproj", "{CB5A25E6-1F5B-4737-B99E-04B9E4B579B0}"
EndProject
Project("{FAE04EC0-301F-11D3-BF4B-00C04F79EFBC}") = "RunTemplate", "BenchmarksApps\RunTemplate\RunTemplate.csproj", "{E9CB7AE5-AC38-4E90-AC24-A518F8147210}"
EndProject
Project("{FAE04EC0-301F-11D3-BF4B-00C04F79EFBC}") = "Json", "BenchmarksApps\Json\Json.csproj", "{CEBEA47D-8154-4DC1-B071-6FAEAC448C88}"
EndProject
Project("{FAE04EC0-301F-11D3-BF4B-00C04F79EFBC}") = "Antiforgery", "BenchmarksApps\Antiforgery\Antiforgery.csproj", "{38AEFB02-3AE4-4E01-8FF9-FF09797C5853}"
EndProject
Project("{2150E333-8FDC-42A3-9474-1A3956D46DE8}") = "TLS", "TLS", "{02EA681E-C7D8-13C7-8484-4AC65E1B71E8}"
EndProject
Project("{FAE04EC0-301F-11D3-BF4B-00C04F79EFBC}") = "HttpSys", "BenchmarksApps\TLS\HttpSys\HttpSys.csproj", "{455942DF-6C8E-4054-AF1D-41A10BE1466F}"
EndProject
Project("{FAE04EC0-301F-11D3-BF4B-00C04F79EFBC}") = "Kestrel", "BenchmarksApps\TLS\Kestrel\Kestrel.csproj", "{291DCDF7-4B7C-D687-A62B-9DF7DF50F2F2}"
EndProject
Global
	GlobalSection(SolutionConfigurationPlatforms) = preSolution
		Debug_Database|Any CPU = Debug_Database|Any CPU
		Debug|Any CPU = Debug|Any CPU
		Release_Database|Any CPU = Release_Database|Any CPU
		Release|Any CPU = Release|Any CPU
	EndGlobalSection
	GlobalSection(ProjectConfigurationPlatforms) = postSolution
		{D13E5EF8-8DA6-4904-891D-1A8D8AAC04DD}.Debug_Database|Any CPU.ActiveCfg = Debug_Database|Any CPU
		{D13E5EF8-8DA6-4904-891D-1A8D8AAC04DD}.Debug_Database|Any CPU.Build.0 = Debug_Database|Any CPU
		{D13E5EF8-8DA6-4904-891D-1A8D8AAC04DD}.Debug|Any CPU.ActiveCfg = Debug|Any CPU
		{D13E5EF8-8DA6-4904-891D-1A8D8AAC04DD}.Debug|Any CPU.Build.0 = Debug|Any CPU
		{D13E5EF8-8DA6-4904-891D-1A8D8AAC04DD}.Release_Database|Any CPU.ActiveCfg = Release_Database|Any CPU
		{D13E5EF8-8DA6-4904-891D-1A8D8AAC04DD}.Release_Database|Any CPU.Build.0 = Release_Database|Any CPU
		{D13E5EF8-8DA6-4904-891D-1A8D8AAC04DD}.Release|Any CPU.ActiveCfg = Release|Any CPU
		{D13E5EF8-8DA6-4904-891D-1A8D8AAC04DD}.Release|Any CPU.Build.0 = Release|Any CPU
		{48EDA7B2-BFBF-4634-BA8B-81608F78D93C}.Debug_Database|Any CPU.ActiveCfg = Debug_Database|Any CPU
		{48EDA7B2-BFBF-4634-BA8B-81608F78D93C}.Debug_Database|Any CPU.Build.0 = Debug_Database|Any CPU
		{48EDA7B2-BFBF-4634-BA8B-81608F78D93C}.Debug|Any CPU.ActiveCfg = Debug|Any CPU
		{48EDA7B2-BFBF-4634-BA8B-81608F78D93C}.Debug|Any CPU.Build.0 = Debug|Any CPU
		{48EDA7B2-BFBF-4634-BA8B-81608F78D93C}.Release_Database|Any CPU.ActiveCfg = Release_Database|Any CPU
		{48EDA7B2-BFBF-4634-BA8B-81608F78D93C}.Release_Database|Any CPU.Build.0 = Release_Database|Any CPU
		{48EDA7B2-BFBF-4634-BA8B-81608F78D93C}.Release|Any CPU.ActiveCfg = Release|Any CPU
		{48EDA7B2-BFBF-4634-BA8B-81608F78D93C}.Release|Any CPU.Build.0 = Release|Any CPU
		{23CDC3E1-C073-4D8C-92D6-425E181CD5E3}.Debug_Database|Any CPU.ActiveCfg = Debug_Database|Any CPU
		{23CDC3E1-C073-4D8C-92D6-425E181CD5E3}.Debug_Database|Any CPU.Build.0 = Debug_Database|Any CPU
		{23CDC3E1-C073-4D8C-92D6-425E181CD5E3}.Debug|Any CPU.ActiveCfg = Debug|Any CPU
		{23CDC3E1-C073-4D8C-92D6-425E181CD5E3}.Debug|Any CPU.Build.0 = Debug|Any CPU
		{23CDC3E1-C073-4D8C-92D6-425E181CD5E3}.Release_Database|Any CPU.ActiveCfg = Release_Database|Any CPU
		{23CDC3E1-C073-4D8C-92D6-425E181CD5E3}.Release_Database|Any CPU.Build.0 = Release_Database|Any CPU
		{23CDC3E1-C073-4D8C-92D6-425E181CD5E3}.Release|Any CPU.ActiveCfg = Release|Any CPU
		{23CDC3E1-C073-4D8C-92D6-425E181CD5E3}.Release|Any CPU.Build.0 = Release|Any CPU
		{58029BDE-4A26-4819-8776-A1B1B6075C51}.Debug_Database|Any CPU.ActiveCfg = Debug_Database|Any CPU
		{58029BDE-4A26-4819-8776-A1B1B6075C51}.Debug_Database|Any CPU.Build.0 = Debug_Database|Any CPU
		{58029BDE-4A26-4819-8776-A1B1B6075C51}.Debug|Any CPU.ActiveCfg = Debug|Any CPU
		{58029BDE-4A26-4819-8776-A1B1B6075C51}.Debug|Any CPU.Build.0 = Debug|Any CPU
		{58029BDE-4A26-4819-8776-A1B1B6075C51}.Release_Database|Any CPU.ActiveCfg = Release_Database|Any CPU
		{58029BDE-4A26-4819-8776-A1B1B6075C51}.Release_Database|Any CPU.Build.0 = Release_Database|Any CPU
		{58029BDE-4A26-4819-8776-A1B1B6075C51}.Release|Any CPU.ActiveCfg = Release|Any CPU
		{58029BDE-4A26-4819-8776-A1B1B6075C51}.Release|Any CPU.Build.0 = Release|Any CPU
		{34448A4F-80AC-4795-B644-BED3227A0086}.Debug_Database|Any CPU.ActiveCfg = Debug_Database|Any CPU
		{34448A4F-80AC-4795-B644-BED3227A0086}.Debug_Database|Any CPU.Build.0 = Debug_Database|Any CPU
		{34448A4F-80AC-4795-B644-BED3227A0086}.Debug|Any CPU.ActiveCfg = Debug|Any CPU
		{34448A4F-80AC-4795-B644-BED3227A0086}.Debug|Any CPU.Build.0 = Debug|Any CPU
		{34448A4F-80AC-4795-B644-BED3227A0086}.Release_Database|Any CPU.ActiveCfg = Release_Database|Any CPU
		{34448A4F-80AC-4795-B644-BED3227A0086}.Release_Database|Any CPU.Build.0 = Release_Database|Any CPU
		{34448A4F-80AC-4795-B644-BED3227A0086}.Release|Any CPU.ActiveCfg = Release|Any CPU
		{34448A4F-80AC-4795-B644-BED3227A0086}.Release|Any CPU.Build.0 = Release|Any CPU
		{EB296FAF-53D2-4E93-B6E5-C679FD3AE73D}.Debug_Database|Any CPU.ActiveCfg = Debug_Database|Any CPU
		{EB296FAF-53D2-4E93-B6E5-C679FD3AE73D}.Debug_Database|Any CPU.Build.0 = Debug_Database|Any CPU
		{EB296FAF-53D2-4E93-B6E5-C679FD3AE73D}.Debug|Any CPU.ActiveCfg = Debug|Any CPU
		{EB296FAF-53D2-4E93-B6E5-C679FD3AE73D}.Debug|Any CPU.Build.0 = Debug|Any CPU
		{EB296FAF-53D2-4E93-B6E5-C679FD3AE73D}.Release_Database|Any CPU.ActiveCfg = Release_Database|Any CPU
		{EB296FAF-53D2-4E93-B6E5-C679FD3AE73D}.Release_Database|Any CPU.Build.0 = Release_Database|Any CPU
		{EB296FAF-53D2-4E93-B6E5-C679FD3AE73D}.Release|Any CPU.ActiveCfg = Release|Any CPU
		{EB296FAF-53D2-4E93-B6E5-C679FD3AE73D}.Release|Any CPU.Build.0 = Release|Any CPU
		{AB0D447E-476F-4482-A844-BC2654C308F5}.Debug_Database|Any CPU.ActiveCfg = Debug_Database|Any CPU
		{AB0D447E-476F-4482-A844-BC2654C308F5}.Debug_Database|Any CPU.Build.0 = Debug_Database|Any CPU
		{AB0D447E-476F-4482-A844-BC2654C308F5}.Debug|Any CPU.ActiveCfg = Debug|Any CPU
		{AB0D447E-476F-4482-A844-BC2654C308F5}.Debug|Any CPU.Build.0 = Debug|Any CPU
		{AB0D447E-476F-4482-A844-BC2654C308F5}.Release_Database|Any CPU.ActiveCfg = Release_Database|Any CPU
		{AB0D447E-476F-4482-A844-BC2654C308F5}.Release_Database|Any CPU.Build.0 = Release_Database|Any CPU
		{AB0D447E-476F-4482-A844-BC2654C308F5}.Release|Any CPU.ActiveCfg = Release|Any CPU
		{AB0D447E-476F-4482-A844-BC2654C308F5}.Release|Any CPU.Build.0 = Release|Any CPU
		{8DF3A6BB-E8C5-4FAA-839A-D185C9F93CD5}.Debug_Database|Any CPU.ActiveCfg = Debug_Database|Any CPU
		{8DF3A6BB-E8C5-4FAA-839A-D185C9F93CD5}.Debug_Database|Any CPU.Build.0 = Debug_Database|Any CPU
		{8DF3A6BB-E8C5-4FAA-839A-D185C9F93CD5}.Debug|Any CPU.ActiveCfg = Debug|Any CPU
		{8DF3A6BB-E8C5-4FAA-839A-D185C9F93CD5}.Debug|Any CPU.Build.0 = Debug|Any CPU
		{8DF3A6BB-E8C5-4FAA-839A-D185C9F93CD5}.Release_Database|Any CPU.ActiveCfg = Release_Database|Any CPU
		{8DF3A6BB-E8C5-4FAA-839A-D185C9F93CD5}.Release_Database|Any CPU.Build.0 = Release_Database|Any CPU
		{8DF3A6BB-E8C5-4FAA-839A-D185C9F93CD5}.Release|Any CPU.ActiveCfg = Release|Any CPU
		{8DF3A6BB-E8C5-4FAA-839A-D185C9F93CD5}.Release|Any CPU.Build.0 = Release|Any CPU
		{20757830-EA66-4962-BDBB-A101A2062A2C}.Debug_Database|Any CPU.ActiveCfg = Debug_Database|Any CPU
		{20757830-EA66-4962-BDBB-A101A2062A2C}.Debug_Database|Any CPU.Build.0 = Debug_Database|Any CPU
		{20757830-EA66-4962-BDBB-A101A2062A2C}.Debug|Any CPU.ActiveCfg = Debug|Any CPU
		{20757830-EA66-4962-BDBB-A101A2062A2C}.Debug|Any CPU.Build.0 = Debug|Any CPU
		{20757830-EA66-4962-BDBB-A101A2062A2C}.Release_Database|Any CPU.ActiveCfg = Release_Database|Any CPU
		{20757830-EA66-4962-BDBB-A101A2062A2C}.Release_Database|Any CPU.Build.0 = Release_Database|Any CPU
		{20757830-EA66-4962-BDBB-A101A2062A2C}.Release|Any CPU.ActiveCfg = Release|Any CPU
		{20757830-EA66-4962-BDBB-A101A2062A2C}.Release|Any CPU.Build.0 = Release|Any CPU
		{07C0B18B-9738-4349-A8DF-3E88D3DF90AE}.Debug_Database|Any CPU.ActiveCfg = Debug_Database|Any CPU
		{07C0B18B-9738-4349-A8DF-3E88D3DF90AE}.Debug_Database|Any CPU.Build.0 = Debug_Database|Any CPU
		{07C0B18B-9738-4349-A8DF-3E88D3DF90AE}.Debug|Any CPU.ActiveCfg = Debug|Any CPU
		{07C0B18B-9738-4349-A8DF-3E88D3DF90AE}.Debug|Any CPU.Build.0 = Debug|Any CPU
		{07C0B18B-9738-4349-A8DF-3E88D3DF90AE}.Release_Database|Any CPU.ActiveCfg = Release_Database|Any CPU
		{07C0B18B-9738-4349-A8DF-3E88D3DF90AE}.Release_Database|Any CPU.Build.0 = Release_Database|Any CPU
		{07C0B18B-9738-4349-A8DF-3E88D3DF90AE}.Release|Any CPU.ActiveCfg = Release|Any CPU
		{07C0B18B-9738-4349-A8DF-3E88D3DF90AE}.Release|Any CPU.Build.0 = Release|Any CPU
		{E68B58F8-40EA-49EA-A126-0B67F2BE7343}.Debug_Database|Any CPU.ActiveCfg = Debug_Database|Any CPU
		{E68B58F8-40EA-49EA-A126-0B67F2BE7343}.Debug_Database|Any CPU.Build.0 = Debug_Database|Any CPU
		{E68B58F8-40EA-49EA-A126-0B67F2BE7343}.Debug|Any CPU.ActiveCfg = Debug|Any CPU
		{E68B58F8-40EA-49EA-A126-0B67F2BE7343}.Debug|Any CPU.Build.0 = Debug|Any CPU
		{E68B58F8-40EA-49EA-A126-0B67F2BE7343}.Release_Database|Any CPU.ActiveCfg = Release_Database|Any CPU
		{E68B58F8-40EA-49EA-A126-0B67F2BE7343}.Release_Database|Any CPU.Build.0 = Release_Database|Any CPU
		{E68B58F8-40EA-49EA-A126-0B67F2BE7343}.Release|Any CPU.ActiveCfg = Release|Any CPU
		{E68B58F8-40EA-49EA-A126-0B67F2BE7343}.Release|Any CPU.Build.0 = Release|Any CPU
		{ACA43671-AD28-4F72-AAAB-6C32B388C2F0}.Debug_Database|Any CPU.ActiveCfg = Debug_Database|Any CPU
		{ACA43671-AD28-4F72-AAAB-6C32B388C2F0}.Debug_Database|Any CPU.Build.0 = Debug_Database|Any CPU
		{ACA43671-AD28-4F72-AAAB-6C32B388C2F0}.Debug|Any CPU.ActiveCfg = Debug|Any CPU
		{ACA43671-AD28-4F72-AAAB-6C32B388C2F0}.Debug|Any CPU.Build.0 = Debug|Any CPU
		{ACA43671-AD28-4F72-AAAB-6C32B388C2F0}.Release_Database|Any CPU.ActiveCfg = Release_Database|Any CPU
		{ACA43671-AD28-4F72-AAAB-6C32B388C2F0}.Release_Database|Any CPU.Build.0 = Release_Database|Any CPU
		{ACA43671-AD28-4F72-AAAB-6C32B388C2F0}.Release|Any CPU.ActiveCfg = Release|Any CPU
		{ACA43671-AD28-4F72-AAAB-6C32B388C2F0}.Release|Any CPU.Build.0 = Release|Any CPU
		{2E953AFB-4900-4B5D-9E78-819E950CD365}.Debug_Database|Any CPU.ActiveCfg = Debug_Database|Any CPU
		{2E953AFB-4900-4B5D-9E78-819E950CD365}.Debug_Database|Any CPU.Build.0 = Debug_Database|Any CPU
		{2E953AFB-4900-4B5D-9E78-819E950CD365}.Debug|Any CPU.ActiveCfg = Debug|Any CPU
		{2E953AFB-4900-4B5D-9E78-819E950CD365}.Debug|Any CPU.Build.0 = Debug|Any CPU
		{2E953AFB-4900-4B5D-9E78-819E950CD365}.Release_Database|Any CPU.ActiveCfg = Release_Database|Any CPU
		{2E953AFB-4900-4B5D-9E78-819E950CD365}.Release_Database|Any CPU.Build.0 = Release_Database|Any CPU
		{2E953AFB-4900-4B5D-9E78-819E950CD365}.Release|Any CPU.ActiveCfg = Release|Any CPU
		{2E953AFB-4900-4B5D-9E78-819E950CD365}.Release|Any CPU.Build.0 = Release|Any CPU
		{D8F11F87-823F-4864-926D-5F66448A5C13}.Debug_Database|Any CPU.ActiveCfg = Debug_Database|Any CPU
		{D8F11F87-823F-4864-926D-5F66448A5C13}.Debug_Database|Any CPU.Build.0 = Debug_Database|Any CPU
		{D8F11F87-823F-4864-926D-5F66448A5C13}.Debug|Any CPU.ActiveCfg = Debug|Any CPU
		{D8F11F87-823F-4864-926D-5F66448A5C13}.Debug|Any CPU.Build.0 = Debug|Any CPU
		{D8F11F87-823F-4864-926D-5F66448A5C13}.Release_Database|Any CPU.ActiveCfg = Release_Database|Any CPU
		{D8F11F87-823F-4864-926D-5F66448A5C13}.Release_Database|Any CPU.Build.0 = Release_Database|Any CPU
		{D8F11F87-823F-4864-926D-5F66448A5C13}.Release|Any CPU.ActiveCfg = Release|Any CPU
		{D8F11F87-823F-4864-926D-5F66448A5C13}.Release|Any CPU.Build.0 = Release|Any CPU
		{3D2573DE-CE7A-4CB8-A980-8C8636EE059E}.Debug_Database|Any CPU.ActiveCfg = Debug_Database|Any CPU
		{3D2573DE-CE7A-4CB8-A980-8C8636EE059E}.Debug_Database|Any CPU.Build.0 = Debug_Database|Any CPU
		{3D2573DE-CE7A-4CB8-A980-8C8636EE059E}.Debug|Any CPU.ActiveCfg = Debug|Any CPU
		{3D2573DE-CE7A-4CB8-A980-8C8636EE059E}.Debug|Any CPU.Build.0 = Debug|Any CPU
		{3D2573DE-CE7A-4CB8-A980-8C8636EE059E}.Release_Database|Any CPU.ActiveCfg = Release_Database|Any CPU
		{3D2573DE-CE7A-4CB8-A980-8C8636EE059E}.Release_Database|Any CPU.Build.0 = Release_Database|Any CPU
		{3D2573DE-CE7A-4CB8-A980-8C8636EE059E}.Release|Any CPU.ActiveCfg = Release|Any CPU
		{3D2573DE-CE7A-4CB8-A980-8C8636EE059E}.Release|Any CPU.Build.0 = Release|Any CPU
		{436118C1-B9A7-4966-86AB-6F2477B6B201}.Debug_Database|Any CPU.ActiveCfg = Debug_Database|Any CPU
		{436118C1-B9A7-4966-86AB-6F2477B6B201}.Debug_Database|Any CPU.Build.0 = Debug_Database|Any CPU
		{436118C1-B9A7-4966-86AB-6F2477B6B201}.Debug|Any CPU.ActiveCfg = Debug|Any CPU
		{436118C1-B9A7-4966-86AB-6F2477B6B201}.Debug|Any CPU.Build.0 = Debug|Any CPU
		{436118C1-B9A7-4966-86AB-6F2477B6B201}.Release_Database|Any CPU.ActiveCfg = Release_Database|Any CPU
		{436118C1-B9A7-4966-86AB-6F2477B6B201}.Release_Database|Any CPU.Build.0 = Release_Database|Any CPU
		{436118C1-B9A7-4966-86AB-6F2477B6B201}.Release|Any CPU.ActiveCfg = Release|Any CPU
		{436118C1-B9A7-4966-86AB-6F2477B6B201}.Release|Any CPU.Build.0 = Release|Any CPU
		{8E1A1F61-43E4-4629-A25B-7E5FA82697D0}.Debug_Database|Any CPU.ActiveCfg = Debug_Database|Any CPU
		{8E1A1F61-43E4-4629-A25B-7E5FA82697D0}.Debug_Database|Any CPU.Build.0 = Debug_Database|Any CPU
		{8E1A1F61-43E4-4629-A25B-7E5FA82697D0}.Debug|Any CPU.ActiveCfg = Debug|Any CPU
		{8E1A1F61-43E4-4629-A25B-7E5FA82697D0}.Debug|Any CPU.Build.0 = Debug|Any CPU
		{8E1A1F61-43E4-4629-A25B-7E5FA82697D0}.Release_Database|Any CPU.ActiveCfg = Release_Database|Any CPU
		{8E1A1F61-43E4-4629-A25B-7E5FA82697D0}.Release_Database|Any CPU.Build.0 = Release_Database|Any CPU
		{8E1A1F61-43E4-4629-A25B-7E5FA82697D0}.Release|Any CPU.ActiveCfg = Release|Any CPU
		{8E1A1F61-43E4-4629-A25B-7E5FA82697D0}.Release|Any CPU.Build.0 = Release|Any CPU
		{31B61CD7-4CF6-464F-B418-04C700A17CB9}.Debug_Database|Any CPU.ActiveCfg = Debug_Database|Any CPU
		{31B61CD7-4CF6-464F-B418-04C700A17CB9}.Debug_Database|Any CPU.Build.0 = Debug_Database|Any CPU
		{31B61CD7-4CF6-464F-B418-04C700A17CB9}.Debug|Any CPU.ActiveCfg = Debug|Any CPU
		{31B61CD7-4CF6-464F-B418-04C700A17CB9}.Debug|Any CPU.Build.0 = Debug|Any CPU
		{31B61CD7-4CF6-464F-B418-04C700A17CB9}.Release_Database|Any CPU.ActiveCfg = Release_Database|Any CPU
		{31B61CD7-4CF6-464F-B418-04C700A17CB9}.Release_Database|Any CPU.Build.0 = Release_Database|Any CPU
		{31B61CD7-4CF6-464F-B418-04C700A17CB9}.Release|Any CPU.ActiveCfg = Release|Any CPU
		{31B61CD7-4CF6-464F-B418-04C700A17CB9}.Release|Any CPU.Build.0 = Release|Any CPU
		{D6616E03-A2DA-4929-AD28-595ECC4C004D}.Debug_Database|Any CPU.ActiveCfg = Debug_Database|Any CPU
		{D6616E03-A2DA-4929-AD28-595ECC4C004D}.Debug_Database|Any CPU.Build.0 = Debug_Database|Any CPU
		{D6616E03-A2DA-4929-AD28-595ECC4C004D}.Debug|Any CPU.ActiveCfg = Debug|Any CPU
		{D6616E03-A2DA-4929-AD28-595ECC4C004D}.Debug|Any CPU.Build.0 = Debug|Any CPU
		{D6616E03-A2DA-4929-AD28-595ECC4C004D}.Release_Database|Any CPU.ActiveCfg = Release_Database|Any CPU
		{D6616E03-A2DA-4929-AD28-595ECC4C004D}.Release_Database|Any CPU.Build.0 = Release_Database|Any CPU
		{D6616E03-A2DA-4929-AD28-595ECC4C004D}.Release|Any CPU.ActiveCfg = Release|Any CPU
		{D6616E03-A2DA-4929-AD28-595ECC4C004D}.Release|Any CPU.Build.0 = Release|Any CPU
		{CB5A25E6-1F5B-4737-B99E-04B9E4B579B0}.Debug_Database|Any CPU.ActiveCfg = Debug_Database|Any CPU
		{CB5A25E6-1F5B-4737-B99E-04B9E4B579B0}.Debug_Database|Any CPU.Build.0 = Debug_Database|Any CPU
		{CB5A25E6-1F5B-4737-B99E-04B9E4B579B0}.Debug|Any CPU.ActiveCfg = Debug|Any CPU
		{CB5A25E6-1F5B-4737-B99E-04B9E4B579B0}.Debug|Any CPU.Build.0 = Debug|Any CPU
		{CB5A25E6-1F5B-4737-B99E-04B9E4B579B0}.Release_Database|Any CPU.ActiveCfg = Release_Database|Any CPU
		{CB5A25E6-1F5B-4737-B99E-04B9E4B579B0}.Release_Database|Any CPU.Build.0 = Release_Database|Any CPU
		{CB5A25E6-1F5B-4737-B99E-04B9E4B579B0}.Release|Any CPU.ActiveCfg = Release|Any CPU
		{CB5A25E6-1F5B-4737-B99E-04B9E4B579B0}.Release|Any CPU.Build.0 = Release|Any CPU
		{E9CB7AE5-AC38-4E90-AC24-A518F8147210}.Debug_Database|Any CPU.ActiveCfg = Debug_Database|Any CPU
		{E9CB7AE5-AC38-4E90-AC24-A518F8147210}.Debug_Database|Any CPU.Build.0 = Debug_Database|Any CPU
		{E9CB7AE5-AC38-4E90-AC24-A518F8147210}.Debug|Any CPU.ActiveCfg = Debug|Any CPU
		{E9CB7AE5-AC38-4E90-AC24-A518F8147210}.Debug|Any CPU.Build.0 = Debug|Any CPU
		{E9CB7AE5-AC38-4E90-AC24-A518F8147210}.Release_Database|Any CPU.ActiveCfg = Release_Database|Any CPU
		{E9CB7AE5-AC38-4E90-AC24-A518F8147210}.Release_Database|Any CPU.Build.0 = Release_Database|Any CPU
		{E9CB7AE5-AC38-4E90-AC24-A518F8147210}.Release|Any CPU.ActiveCfg = Release|Any CPU
		{E9CB7AE5-AC38-4E90-AC24-A518F8147210}.Release|Any CPU.Build.0 = Release|Any CPU
		{CEBEA47D-8154-4DC1-B071-6FAEAC448C88}.Debug_Database|Any CPU.ActiveCfg = Debug_Database|Any CPU
		{CEBEA47D-8154-4DC1-B071-6FAEAC448C88}.Debug_Database|Any CPU.Build.0 = Debug_Database|Any CPU
		{CEBEA47D-8154-4DC1-B071-6FAEAC448C88}.Debug|Any CPU.ActiveCfg = Debug|Any CPU
		{CEBEA47D-8154-4DC1-B071-6FAEAC448C88}.Debug|Any CPU.Build.0 = Debug|Any CPU
		{CEBEA47D-8154-4DC1-B071-6FAEAC448C88}.Release_Database|Any CPU.ActiveCfg = Release_Database|Any CPU
		{CEBEA47D-8154-4DC1-B071-6FAEAC448C88}.Release_Database|Any CPU.Build.0 = Release_Database|Any CPU
		{CEBEA47D-8154-4DC1-B071-6FAEAC448C88}.Release|Any CPU.ActiveCfg = Release|Any CPU
		{CEBEA47D-8154-4DC1-B071-6FAEAC448C88}.Release|Any CPU.Build.0 = Release|Any CPU
		{38AEFB02-3AE4-4E01-8FF9-FF09797C5853}.Debug_Database|Any CPU.ActiveCfg = Debug_Database|Any CPU
		{38AEFB02-3AE4-4E01-8FF9-FF09797C5853}.Debug_Database|Any CPU.Build.0 = Debug_Database|Any CPU
		{38AEFB02-3AE4-4E01-8FF9-FF09797C5853}.Debug|Any CPU.ActiveCfg = Debug|Any CPU
		{38AEFB02-3AE4-4E01-8FF9-FF09797C5853}.Debug|Any CPU.Build.0 = Debug|Any CPU
		{38AEFB02-3AE4-4E01-8FF9-FF09797C5853}.Release_Database|Any CPU.ActiveCfg = Release_Database|Any CPU
		{38AEFB02-3AE4-4E01-8FF9-FF09797C5853}.Release_Database|Any CPU.Build.0 = Release_Database|Any CPU
		{38AEFB02-3AE4-4E01-8FF9-FF09797C5853}.Release|Any CPU.ActiveCfg = Release|Any CPU
		{38AEFB02-3AE4-4E01-8FF9-FF09797C5853}.Release|Any CPU.Build.0 = Release|Any CPU
		{455942DF-6C8E-4054-AF1D-41A10BE1466F}.Debug_Database|Any CPU.ActiveCfg = Debug_Database|Any CPU
		{455942DF-6C8E-4054-AF1D-41A10BE1466F}.Debug_Database|Any CPU.Build.0 = Debug_Database|Any CPU
		{455942DF-6C8E-4054-AF1D-41A10BE1466F}.Debug|Any CPU.ActiveCfg = Debug|Any CPU
		{455942DF-6C8E-4054-AF1D-41A10BE1466F}.Debug|Any CPU.Build.0 = Debug|Any CPU
		{455942DF-6C8E-4054-AF1D-41A10BE1466F}.Release_Database|Any CPU.ActiveCfg = Release_Database|Any CPU
		{455942DF-6C8E-4054-AF1D-41A10BE1466F}.Release_Database|Any CPU.Build.0 = Release_Database|Any CPU
		{455942DF-6C8E-4054-AF1D-41A10BE1466F}.Release|Any CPU.ActiveCfg = Release|Any CPU
		{455942DF-6C8E-4054-AF1D-41A10BE1466F}.Release|Any CPU.Build.0 = Release|Any CPU
		{291DCDF7-4B7C-D687-A62B-9DF7DF50F2F2}.Debug_Database|Any CPU.ActiveCfg = Debug_Database|Any CPU
		{291DCDF7-4B7C-D687-A62B-9DF7DF50F2F2}.Debug_Database|Any CPU.Build.0 = Debug_Database|Any CPU
		{291DCDF7-4B7C-D687-A62B-9DF7DF50F2F2}.Debug|Any CPU.ActiveCfg = Debug|Any CPU
		{291DCDF7-4B7C-D687-A62B-9DF7DF50F2F2}.Debug|Any CPU.Build.0 = Debug|Any CPU
		{291DCDF7-4B7C-D687-A62B-9DF7DF50F2F2}.Release_Database|Any CPU.ActiveCfg = Release_Database|Any CPU
		{291DCDF7-4B7C-D687-A62B-9DF7DF50F2F2}.Release_Database|Any CPU.Build.0 = Release_Database|Any CPU
		{291DCDF7-4B7C-D687-A62B-9DF7DF50F2F2}.Release|Any CPU.ActiveCfg = Release|Any CPU
		{291DCDF7-4B7C-D687-A62B-9DF7DF50F2F2}.Release|Any CPU.Build.0 = Release|Any CPU
	EndGlobalSection
	GlobalSection(SolutionProperties) = preSolution
		HideSolutionNode = FALSE
	EndGlobalSection
	GlobalSection(NestedProjects) = preSolution
		{8DF3A6BB-E8C5-4FAA-839A-D185C9F93CD5} = {D8A014FB-3C99-4831-9FFB-F4A89A48D8BD}
		{9E4AF835-2A78-4012-B0B5-9DA41ACDC716} = {D8A014FB-3C99-4831-9FFB-F4A89A48D8BD}
		{20757830-EA66-4962-BDBB-A101A2062A2C} = {D8A014FB-3C99-4831-9FFB-F4A89A48D8BD}
		{07C0B18B-9738-4349-A8DF-3E88D3DF90AE} = {B6DB234C-8F80-4160-B95D-D70AFC444A3D}
		{E68B58F8-40EA-49EA-A126-0B67F2BE7343} = {B6DB234C-8F80-4160-B95D-D70AFC444A3D}
		{ACA43671-AD28-4F72-AAAB-6C32B388C2F0} = {B6DB234C-8F80-4160-B95D-D70AFC444A3D}
		{D8F11F87-823F-4864-926D-5F66448A5C13} = {B6DB234C-8F80-4160-B95D-D70AFC444A3D}
		{3D2573DE-CE7A-4CB8-A980-8C8636EE059E} = {398A40DA-FE1D-4B4D-A580-A33E29885553}
		{31B61CD7-4CF6-464F-B418-04C700A17CB9} = {B6DB234C-8F80-4160-B95D-D70AFC444A3D}
		{D6616E03-A2DA-4929-AD28-595ECC4C004D} = {B6DB234C-8F80-4160-B95D-D70AFC444A3D}
		{455942DF-6C8E-4054-AF1D-41A10BE1466F} = {02EA681E-C7D8-13C7-8484-4AC65E1B71E8}
		{291DCDF7-4B7C-D687-A62B-9DF7DF50F2F2} = {02EA681E-C7D8-13C7-8484-4AC65E1B71E8}
	EndGlobalSection
	GlobalSection(ExtensibilityGlobals) = postSolution
		SolutionGuid = {117072DC-DE12-4F74-90CA-692FA2BE8DCB}
	EndGlobalSection
EndGlobal
